PODS:
  - ThinkingDataCore (1.2.0):
    - ThinkingDataCore/Main (= 1.2.0)
  - ThinkingDataCore/iOS (1.2.0)
  - ThinkingDataCore/Main (1.2.0):
    - ThinkingDataCore/iOS
    - ThinkingDataCore/OSX
    - ThinkingDataCore/tvOS
    - ThinkingDataCore/versionOS
    - ThinkingDataCore/watchOS
  - ThinkingSDK (3.1.0-beta.2):
    - ThinkingSDK/Main (= 3.1.0-beta.2)
  - ThinkingSDK/iOS (3.1.0-beta.2):
    - ThinkingDataCore (= 1.2.0)
  - ThinkingSDK/Main (3.1.0-beta.2):
    - ThinkingSDK/iOS
    - ThinkingSDK/OSX

DEPENDENCIES:
  - ThinkingSDK (from `../../`)

SPEC REPOS:
  trunk:
    - ThinkingDataCore

EXTERNAL SOURCES:
  ThinkingSDK:
    :path: "../../"

SPEC CHECKSUMS:
  ThinkingDataCore: e583beb827e9ffa7300d7e0bfe6c33c2381b3d38
  ThinkingSDK: f18779f2fb107772aae8eb8e0d5dbead87c56e8b

PODFILE CHECKSUM: d44f60f8b84039b15716ff0b0b6ecab59b9ce990

COCOAPODS: 1.15.2
