// !$*UTF8*$!
{
	archiveVersion = 1;
	classes = {
	};
	objectVersion = 50;
	objects = {

/* Begin PBXAggregateTarget section */
		F30FC01723141D38003335F8 /* ThinkingSDK-Universal */ = {
			isa = PBXAggregateTarget;
			buildConfigurationList = F30FC01A23141D38003335F8 /* Build configuration list for PBXAggregateTarget "ThinkingSDK-Universal" */;
			buildPhases = (
				F30FC01D23141D42003335F8 /* ShellScript */,
			);
			dependencies = (
				F30FC01C23141D40003335F8 /* PBXTargetDependency */,
			);
			name = "ThinkingSDK-Universal";
			productName = ThinkingSDKFramework;
		};
/* End PBXAggregateTarget section */

/* Begin PBXBuildFile section */
		2E24A21F2716B50A008343AD /* TDStartTracker.h in Headers */ = {isa = PBXBuildFile; fileRef = 2E24A21D2716B50A008343AD /* TDStartTracker.h */; };
		2E24A2202716B50A008343AD /* TDStartTracker.m in Sources */ = {isa = PBXBuildFile; fileRef = 2E24A21E2716B50A008343AD /* TDStartTracker.m */; };
		2E24A2232716B910008343AD /* TDAutoTracker.h in Headers */ = {isa = PBXBuildFile; fileRef = 2E24A2212716B910008343AD /* TDAutoTracker.h */; };
		2E24A2242716B910008343AD /* TDAutoTracker.m in Sources */ = {isa = PBXBuildFile; fileRef = 2E24A2222716B910008343AD /* TDAutoTracker.m */; };
		69F0D6C1265CDE5500D1CD4B /* TDPresetProperties.h in Headers */ = {isa = PBXBuildFile; fileRef = 69F0D6BF265CDE5500D1CD4B /* TDPresetProperties.h */; settings = {ATTRIBUTES = (Public, ); }; };
		69F0D6C2265CDE5500D1CD4B /* TDPresetProperties.m in Sources */ = {isa = PBXBuildFile; fileRef = 69F0D6C0265CDE5500D1CD4B /* TDPresetProperties.m */; };
		69F3D7F1260323CB0004986A /* NSDictionary+TDJsonOutput.h in Headers */ = {isa = PBXBuildFile; fileRef = 69F3D7EF260323CB0004986A /* NSDictionary+TDJsonOutput.h */; };
		69F3D7F2260323CB0004986A /* NSDictionary+TDJsonOutput.m in Sources */ = {isa = PBXBuildFile; fileRef = 69F3D7F0260323CB0004986A /* NSDictionary+TDJsonOutput.m */; };
		6E05F0F82507715900A8613C /* TDPublicConfig.h in Headers */ = {isa = PBXBuildFile; fileRef = 6E05F0F62507715900A8613C /* TDPublicConfig.h */; };
		6E05F0F92507715900A8613C /* TDPublicConfig.m in Sources */ = {isa = PBXBuildFile; fileRef = 6E05F0F72507715900A8613C /* TDPublicConfig.m */; };
		6E05F0FC25077DA200A8613C /* TDSDKUtil.h in Headers */ = {isa = PBXBuildFile; fileRef = 6E05F0FA25077DA200A8613C /* TDSDKUtil.h */; };
		6E05F0FD25077DA200A8613C /* TDSDKUtil.m in Sources */ = {isa = PBXBuildFile; fileRef = 6E05F0FB25077DA200A8613C /* TDSDKUtil.m */; };
		6E43B76D25651E2B004F4F87 /* libOCMock.a in Frameworks */ = {isa = PBXBuildFile; fileRef = 6E43B76C25651E2B004F4F87 /* libOCMock.a */; };
		6E4DF53924EF6ED800BB1AB4 /* TDFirstEventModel.h in Headers */ = {isa = PBXBuildFile; fileRef = 6E4DF53724EF6ED800BB1AB4 /* TDFirstEventModel.h */; settings = {ATTRIBUTES = (Public, ); }; };
		6E4DF53A24EF6ED800BB1AB4 /* TDFirstEventModel.m in Sources */ = {isa = PBXBuildFile; fileRef = 6E4DF53824EF6ED800BB1AB4 /* TDFirstEventModel.m */; };
		6E4DF53D24EF6F3F00BB1AB4 /* TDEditableEventModel.h in Headers */ = {isa = PBXBuildFile; fileRef = 6E4DF53B24EF6F3F00BB1AB4 /* TDEditableEventModel.h */; settings = {ATTRIBUTES = (Public, ); }; };
		6E4DF53E24EF6F3F00BB1AB4 /* TDEditableEventModel.m in Sources */ = {isa = PBXBuildFile; fileRef = 6E4DF53C24EF6F3F00BB1AB4 /* TDEditableEventModel.m */; };
		6E58D58A24C7F06200DD11C1 /* TDEventModel.h in Headers */ = {isa = PBXBuildFile; fileRef = 6E58D58824C7F06200DD11C1 /* TDEventModel.h */; settings = {ATTRIBUTES = (Public, ); }; };
		6E58D58B24C7F06200DD11C1 /* TDEventModel.m in Sources */ = {isa = PBXBuildFile; fileRef = 6E58D58924C7F06200DD11C1 /* TDEventModel.m */; };
		6EA4D8CF250753FC0035D575 /* TDConstant.h in Headers */ = {isa = PBXBuildFile; fileRef = 6EA4D8CD250753FC0035D575 /* TDConstant.h */; settings = {ATTRIBUTES = (Public, ); }; };
		6EA4D8D92507632F0035D575 /* TDFile.h in Headers */ = {isa = PBXBuildFile; fileRef = 6EA4D8D72507632F0035D575 /* TDFile.h */; };
		6EA4D8DA2507632F0035D575 /* TDFile.m in Sources */ = {isa = PBXBuildFile; fileRef = 6EA4D8D82507632F0035D575 /* TDFile.m */; };
		F30338BC23AA0E600020C129 /* TDToastView.m in Sources */ = {isa = PBXBuildFile; fileRef = F30338BA23AA0E5F0020C129 /* TDToastView.m */; };
		F30338BD23AA0E600020C129 /* TDToastView.h in Headers */ = {isa = PBXBuildFile; fileRef = F30338BB23AA0E5F0020C129 /* TDToastView.h */; };
		F30338C023AB57750020C129 /* TDSecurityPolicy.h in Headers */ = {isa = PBXBuildFile; fileRef = F30338BE23AB57740020C129 /* TDSecurityPolicy.h */; settings = {ATTRIBUTES = (Public, ); }; };
		F30338C123AB57750020C129 /* TDSecurityPolicy.m in Sources */ = {isa = PBXBuildFile; fileRef = F30338BF23AB57750020C129 /* TDSecurityPolicy.m */; };
		F3247C9B23176BEB00F2FBBB /* LightThinkingAnalyticsSDK.m in Sources */ = {isa = PBXBuildFile; fileRef = F3247C9923176BEB00F2FBBB /* LightThinkingAnalyticsSDK.m */; };
		F35B1313242EFB9B00C630FC /* TDCalibratedTimeWithNTP.m in Sources */ = {isa = PBXBuildFile; fileRef = F35B130B242EFB9B00C630FC /* TDCalibratedTimeWithNTP.m */; };
		F35B1314242EFB9B00C630FC /* TDNTPTypes.h in Headers */ = {isa = PBXBuildFile; fileRef = F35B130C242EFB9B00C630FC /* TDNTPTypes.h */; };
		F35B1315242EFB9B00C630FC /* TDCalibratedTime.h in Headers */ = {isa = PBXBuildFile; fileRef = F35B130D242EFB9B00C630FC /* TDCalibratedTime.h */; };
		F35B1316242EFB9B00C630FC /* TDNTPServer.h in Headers */ = {isa = PBXBuildFile; fileRef = F35B130E242EFB9B00C630FC /* TDNTPServer.h */; };
		F35B1317242EFB9B00C630FC /* TDNTPTypes.c in Sources */ = {isa = PBXBuildFile; fileRef = F35B130F242EFB9B00C630FC /* TDNTPTypes.c */; };
		F35B1318242EFB9B00C630FC /* TDCalibratedTimeWithNTP.h in Headers */ = {isa = PBXBuildFile; fileRef = F35B1310242EFB9B00C630FC /* TDCalibratedTimeWithNTP.h */; };
		F35B1319242EFB9B00C630FC /* TDCalibratedTime.m in Sources */ = {isa = PBXBuildFile; fileRef = F35B1311242EFB9B00C630FC /* TDCalibratedTime.m */; };
		F35B131A242EFB9B00C630FC /* TDNTPServer.m in Sources */ = {isa = PBXBuildFile; fileRef = F35B1312242EFB9B00C630FC /* TDNTPServer.m */; };
		F3D1901E230136B30043D595 /* ThinkingSDK.framework in Frameworks */ = {isa = PBXBuildFile; fileRef = F3D19014230136B30043D595 /* ThinkingSDK.framework */; };
		F3D19023230136B30043D595 /* ThinkingSDKTests.m in Sources */ = {isa = PBXBuildFile; fileRef = F3D19022230136B30043D595 /* ThinkingSDKTests.m */; };
		F3D19025230136B30043D595 /* ThinkingSDK.h in Headers */ = {isa = PBXBuildFile; fileRef = F3D19017230136B30043D595 /* ThinkingSDK.h */; settings = {ATTRIBUTES = (Public, ); }; };
		F3D19056230137600043D595 /* TDKeychainItemWrapper.h in Headers */ = {isa = PBXBuildFile; fileRef = F3D1902F230137600043D595 /* TDKeychainItemWrapper.h */; };
		F3D19057230137600043D595 /* TDDeviceInfo.m in Sources */ = {isa = PBXBuildFile; fileRef = F3D19030230137600043D595 /* TDDeviceInfo.m */; };
		F3D19058230137600043D595 /* TDConfig.m in Sources */ = {isa = PBXBuildFile; fileRef = F3D19031230137600043D595 /* TDConfig.m */; };
		F3D19059230137600043D595 /* TDJSONUtil.h in Headers */ = {isa = PBXBuildFile; fileRef = F3D19032230137600043D595 /* TDJSONUtil.h */; };
		F3D1905A230137600043D595 /* TDOSLog.m in Sources */ = {isa = PBXBuildFile; fileRef = F3D19033230137600043D595 /* TDOSLog.m */; };
		F3D1905D230137600043D595 /* ThinkingExceptionHandler.m in Sources */ = {isa = PBXBuildFile; fileRef = F3D19036230137600043D595 /* ThinkingExceptionHandler.m */; };
		F3D1905E230137600043D595 /* TDSqliteDataQueue.m in Sources */ = {isa = PBXBuildFile; fileRef = F3D19037230137600043D595 /* TDSqliteDataQueue.m */; };
		F3D1905F230137600043D595 /* TDNetwork.h in Headers */ = {isa = PBXBuildFile; fileRef = F3D19038230137600043D595 /* TDNetwork.h */; };
		F3D19060230137600043D595 /* NSData+TDGzip.m in Sources */ = {isa = PBXBuildFile; fileRef = F3D19039230137600043D595 /* NSData+TDGzip.m */; };
		F3D19061230137600043D595 /* ThinkingAnalyticsSDK.m in Sources */ = {isa = PBXBuildFile; fileRef = F3D1903A230137600043D595 /* ThinkingAnalyticsSDK.m */; };
		F3D19062230137600043D595 /* TDLogging.m in Sources */ = {isa = PBXBuildFile; fileRef = F3D1903B230137600043D595 /* TDLogging.m */; };
		F3D19064230137600043D595 /* ThinkingAnalyticsSDKPrivate.h in Headers */ = {isa = PBXBuildFile; fileRef = F3D1903D230137600043D595 /* ThinkingAnalyticsSDKPrivate.h */; };
		F3D19065230137600043D595 /* TDAutoTrackManager.h in Headers */ = {isa = PBXBuildFile; fileRef = F3D1903F230137600043D595 /* TDAutoTrackManager.h */; };
		F3D19066230137600043D595 /* NSObject+TDSwizzle.h in Headers */ = {isa = PBXBuildFile; fileRef = F3D19040230137600043D595 /* NSObject+TDSwizzle.h */; };
		F3D19067230137600043D595 /* UIViewController+AutoTrack.m in Sources */ = {isa = PBXBuildFile; fileRef = F3D19041230137600043D595 /* UIViewController+AutoTrack.m */; };
		F3D19068230137600043D595 /* TDSwizzler.h in Headers */ = {isa = PBXBuildFile; fileRef = F3D19042230137600043D595 /* TDSwizzler.h */; };
		F3D19069230137600043D595 /* UIApplication+AutoTrack.m in Sources */ = {isa = PBXBuildFile; fileRef = F3D19043230137600043D595 /* UIApplication+AutoTrack.m */; };
		F3D1906A230137600043D595 /* TDAutoTrackManager.m in Sources */ = {isa = PBXBuildFile; fileRef = F3D19044230137600043D595 /* TDAutoTrackManager.m */; };
		F3D1906B230137600043D595 /* UIViewController+AutoTrack.h in Headers */ = {isa = PBXBuildFile; fileRef = F3D19045230137600043D595 /* UIViewController+AutoTrack.h */; };
		F3D1906C230137610043D595 /* NSObject+TDSwizzle.m in Sources */ = {isa = PBXBuildFile; fileRef = F3D19046230137600043D595 /* NSObject+TDSwizzle.m */; };
		F3D1906D230137610043D595 /* TDSwizzler.m in Sources */ = {isa = PBXBuildFile; fileRef = F3D19047230137600043D595 /* TDSwizzler.m */; };
		F3D1906E230137610043D595 /* UIApplication+AutoTrack.h in Headers */ = {isa = PBXBuildFile; fileRef = F3D19048230137600043D595 /* UIApplication+AutoTrack.h */; };
		F3D19070230137610043D595 /* TDOSLog.h in Headers */ = {isa = PBXBuildFile; fileRef = F3D1904A230137600043D595 /* TDOSLog.h */; };
		F3D19071230137610043D595 /* TDJSONUtil.m in Sources */ = {isa = PBXBuildFile; fileRef = F3D1904B230137600043D595 /* TDJSONUtil.m */; };
		F3D19072230137610043D595 /* TDConfig.h in Headers */ = {isa = PBXBuildFile; fileRef = F3D1904C230137600043D595 /* TDConfig.h */; settings = {ATTRIBUTES = (Public, ); }; };
		F3D19073230137610043D595 /* TDDeviceInfo.h in Headers */ = {isa = PBXBuildFile; fileRef = F3D1904D230137600043D595 /* TDDeviceInfo.h */; settings = {ATTRIBUTES = (Public, ); }; };
		F3D19074230137610043D595 /* TDKeychainItemWrapper.m in Sources */ = {isa = PBXBuildFile; fileRef = F3D1904E230137600043D595 /* TDKeychainItemWrapper.m */; };
		F3D19075230137610043D595 /* TDNetwork.m in Sources */ = {isa = PBXBuildFile; fileRef = F3D1904F230137600043D595 /* TDNetwork.m */; };
		F3D19076230137610043D595 /* TDSqliteDataQueue.h in Headers */ = {isa = PBXBuildFile; fileRef = F3D19050230137600043D595 /* TDSqliteDataQueue.h */; };
		F3D19077230137610043D595 /* ThinkingExceptionHandler.h in Headers */ = {isa = PBXBuildFile; fileRef = F3D19051230137600043D595 /* ThinkingExceptionHandler.h */; };
		F3D19079230137610043D595 /* TDLogging.h in Headers */ = {isa = PBXBuildFile; fileRef = F3D19053230137600043D595 /* TDLogging.h */; };
		F3D1907A230137610043D595 /* ThinkingAnalyticsSDK.h in Headers */ = {isa = PBXBuildFile; fileRef = F3D19054230137600043D595 /* ThinkingAnalyticsSDK.h */; settings = {ATTRIBUTES = (Public, ); }; };
		F3D1907B230137610043D595 /* NSData+TDGzip.h in Headers */ = {isa = PBXBuildFile; fileRef = F3D19055230137600043D595 /* NSData+TDGzip.h */; };
/* End PBXBuildFile section */

/* Begin PBXContainerItemProxy section */
		F30FC01B23141D40003335F8 /* PBXContainerItemProxy */ = {
			isa = PBXContainerItemProxy;
			containerPortal = F3D1900B230136B30043D595 /* Project object */;
			proxyType = 1;
			remoteGlobalIDString = F3D19013230136B30043D595;
			remoteInfo = ThinkingSDK;
		};
		F3D1901F230136B30043D595 /* PBXContainerItemProxy */ = {
			isa = PBXContainerItemProxy;
			containerPortal = F3D1900B230136B30043D595 /* Project object */;
			proxyType = 1;
			remoteGlobalIDString = F3D19013230136B30043D595;
			remoteInfo = ThinkingSDK;
		};
/* End PBXContainerItemProxy section */

/* Begin PBXFileReference section */
		2E24A21D2716B50A008343AD /* TDStartTracker.h */ = {isa = PBXFileReference; lastKnownFileType = sourcecode.c.h; path = TDStartTracker.h; sourceTree = "<group>"; };
		2E24A21E2716B50A008343AD /* TDStartTracker.m */ = {isa = PBXFileReference; lastKnownFileType = sourcecode.c.objc; path = TDStartTracker.m; sourceTree = "<group>"; };
		2E24A2212716B910008343AD /* TDAutoTracker.h */ = {isa = PBXFileReference; lastKnownFileType = sourcecode.c.h; path = TDAutoTracker.h; sourceTree = "<group>"; };
		2E24A2222716B910008343AD /* TDAutoTracker.m */ = {isa = PBXFileReference; lastKnownFileType = sourcecode.c.objc; path = TDAutoTracker.m; sourceTree = "<group>"; };
		69F0D6BF265CDE5500D1CD4B /* TDPresetProperties.h */ = {isa = PBXFileReference; lastKnownFileType = sourcecode.c.h; path = TDPresetProperties.h; sourceTree = "<group>"; };
		69F0D6C0265CDE5500D1CD4B /* TDPresetProperties.m */ = {isa = PBXFileReference; lastKnownFileType = sourcecode.c.objc; path = TDPresetProperties.m; sourceTree = "<group>"; };
		69F3D7EF260323CB0004986A /* NSDictionary+TDJsonOutput.h */ = {isa = PBXFileReference; lastKnownFileType = sourcecode.c.h; path = "NSDictionary+TDJsonOutput.h"; sourceTree = "<group>"; };
		69F3D7F0260323CB0004986A /* NSDictionary+TDJsonOutput.m */ = {isa = PBXFileReference; lastKnownFileType = sourcecode.c.objc; path = "NSDictionary+TDJsonOutput.m"; sourceTree = "<group>"; };
		6E05F0F62507715900A8613C /* TDPublicConfig.h */ = {isa = PBXFileReference; lastKnownFileType = sourcecode.c.h; path = TDPublicConfig.h; sourceTree = "<group>"; };
		6E05F0F72507715900A8613C /* TDPublicConfig.m */ = {isa = PBXFileReference; lastKnownFileType = sourcecode.c.objc; path = TDPublicConfig.m; sourceTree = "<group>"; };
		6E05F0FA25077DA200A8613C /* TDSDKUtil.h */ = {isa = PBXFileReference; lastKnownFileType = sourcecode.c.h; path = TDSDKUtil.h; sourceTree = "<group>"; };
		6E05F0FB25077DA200A8613C /* TDSDKUtil.m */ = {isa = PBXFileReference; lastKnownFileType = sourcecode.c.objc; path = TDSDKUtil.m; sourceTree = "<group>"; };
		6E43B75025651983004F4F87 /* OCMock.framework */ = {isa = PBXFileReference; lastKnownFileType = wrapper.framework; name = OCMock.framework; path = Example/ThinkingSDKDEMO/OCMock.framework; sourceTree = "<group>"; };
		6E43B76125651E2B004F4F87 /* OCMockObject.h */ = {isa = PBXFileReference; fileEncoding = 4; lastKnownFileType = sourcecode.c.h; path = OCMockObject.h; sourceTree = "<group>"; };
		6E43B76225651E2B004F4F87 /* OCMMacroState.h */ = {isa = PBXFileReference; fileEncoding = 4; lastKnownFileType = sourcecode.c.h; path = OCMMacroState.h; sourceTree = "<group>"; };
		6E43B76325651E2B004F4F87 /* OCMock.h */ = {isa = PBXFileReference; fileEncoding = 4; lastKnownFileType = sourcecode.c.h; path = OCMock.h; sourceTree = "<group>"; };
		6E43B76425651E2B004F4F87 /* NSNotificationCenter+OCMAdditions.h */ = {isa = PBXFileReference; fileEncoding = 4; lastKnownFileType = sourcecode.c.h; path = "NSNotificationCenter+OCMAdditions.h"; sourceTree = "<group>"; };
		6E43B76525651E2B004F4F87 /* OCMFunctions.h */ = {isa = PBXFileReference; fileEncoding = 4; lastKnownFileType = sourcecode.c.h; path = OCMFunctions.h; sourceTree = "<group>"; };
		6E43B76625651E2B004F4F87 /* OCMStubRecorder.h */ = {isa = PBXFileReference; fileEncoding = 4; lastKnownFileType = sourcecode.c.h; path = OCMStubRecorder.h; sourceTree = "<group>"; };
		6E43B76725651E2B004F4F87 /* OCMRecorder.h */ = {isa = PBXFileReference; fileEncoding = 4; lastKnownFileType = sourcecode.c.h; path = OCMRecorder.h; sourceTree = "<group>"; };
		6E43B76825651E2B004F4F87 /* OCMLocation.h */ = {isa = PBXFileReference; fileEncoding = 4; lastKnownFileType = sourcecode.c.h; path = OCMLocation.h; sourceTree = "<group>"; };
		6E43B76925651E2B004F4F87 /* OCMConstraint.h */ = {isa = PBXFileReference; fileEncoding = 4; lastKnownFileType = sourcecode.c.h; path = OCMConstraint.h; sourceTree = "<group>"; };
		6E43B76A25651E2B004F4F87 /* OCMArg.h */ = {isa = PBXFileReference; fileEncoding = 4; lastKnownFileType = sourcecode.c.h; path = OCMArg.h; sourceTree = "<group>"; };
		6E43B76C25651E2B004F4F87 /* libOCMock.a */ = {isa = PBXFileReference; lastKnownFileType = archive.ar; path = libOCMock.a; sourceTree = "<group>"; };
		6E4DF53724EF6ED800BB1AB4 /* TDFirstEventModel.h */ = {isa = PBXFileReference; lastKnownFileType = sourcecode.c.h; path = TDFirstEventModel.h; sourceTree = "<group>"; };
		6E4DF53824EF6ED800BB1AB4 /* TDFirstEventModel.m */ = {isa = PBXFileReference; lastKnownFileType = sourcecode.c.objc; path = TDFirstEventModel.m; sourceTree = "<group>"; };
		6E4DF53B24EF6F3F00BB1AB4 /* TDEditableEventModel.h */ = {isa = PBXFileReference; lastKnownFileType = sourcecode.c.h; path = TDEditableEventModel.h; sourceTree = "<group>"; };
		6E4DF53C24EF6F3F00BB1AB4 /* TDEditableEventModel.m */ = {isa = PBXFileReference; lastKnownFileType = sourcecode.c.objc; path = TDEditableEventModel.m; sourceTree = "<group>"; };
		6E58D58824C7F06200DD11C1 /* TDEventModel.h */ = {isa = PBXFileReference; lastKnownFileType = sourcecode.c.h; path = TDEventModel.h; sourceTree = "<group>"; };
		6E58D58924C7F06200DD11C1 /* TDEventModel.m */ = {isa = PBXFileReference; lastKnownFileType = sourcecode.c.objc; path = TDEventModel.m; sourceTree = "<group>"; };
		6EA4D8CD250753FC0035D575 /* TDConstant.h */ = {isa = PBXFileReference; lastKnownFileType = sourcecode.c.h; path = TDConstant.h; sourceTree = "<group>"; };
		6EA4D8D72507632F0035D575 /* TDFile.h */ = {isa = PBXFileReference; lastKnownFileType = sourcecode.c.h; path = TDFile.h; sourceTree = "<group>"; };
		6EA4D8D82507632F0035D575 /* TDFile.m */ = {isa = PBXFileReference; lastKnownFileType = sourcecode.c.objc; path = TDFile.m; sourceTree = "<group>"; };
		F30338BA23AA0E5F0020C129 /* TDToastView.m */ = {isa = PBXFileReference; fileEncoding = 4; lastKnownFileType = sourcecode.c.objc; path = TDToastView.m; sourceTree = "<group>"; };
		F30338BB23AA0E5F0020C129 /* TDToastView.h */ = {isa = PBXFileReference; fileEncoding = 4; lastKnownFileType = sourcecode.c.h; path = TDToastView.h; sourceTree = "<group>"; };
		F30338BE23AB57740020C129 /* TDSecurityPolicy.h */ = {isa = PBXFileReference; fileEncoding = 4; lastKnownFileType = sourcecode.c.h; path = TDSecurityPolicy.h; sourceTree = "<group>"; };
		F30338BF23AB57750020C129 /* TDSecurityPolicy.m */ = {isa = PBXFileReference; fileEncoding = 4; lastKnownFileType = sourcecode.c.objc; path = TDSecurityPolicy.m; sourceTree = "<group>"; };
		F3247C9923176BEB00F2FBBB /* LightThinkingAnalyticsSDK.m */ = {isa = PBXFileReference; lastKnownFileType = sourcecode.c.objc; path = LightThinkingAnalyticsSDK.m; sourceTree = "<group>"; };
		F35B130B242EFB9B00C630FC /* TDCalibratedTimeWithNTP.m */ = {isa = PBXFileReference; fileEncoding = 4; lastKnownFileType = sourcecode.c.objc; path = TDCalibratedTimeWithNTP.m; sourceTree = "<group>"; };
		F35B130C242EFB9B00C630FC /* TDNTPTypes.h */ = {isa = PBXFileReference; fileEncoding = 4; lastKnownFileType = sourcecode.c.h; path = TDNTPTypes.h; sourceTree = "<group>"; };
		F35B130D242EFB9B00C630FC /* TDCalibratedTime.h */ = {isa = PBXFileReference; fileEncoding = 4; lastKnownFileType = sourcecode.c.h; path = TDCalibratedTime.h; sourceTree = "<group>"; };
		F35B130E242EFB9B00C630FC /* TDNTPServer.h */ = {isa = PBXFileReference; fileEncoding = 4; lastKnownFileType = sourcecode.c.h; path = TDNTPServer.h; sourceTree = "<group>"; };
		F35B130F242EFB9B00C630FC /* TDNTPTypes.c */ = {isa = PBXFileReference; fileEncoding = 4; lastKnownFileType = sourcecode.c.c; path = TDNTPTypes.c; sourceTree = "<group>"; };
		F35B1310242EFB9B00C630FC /* TDCalibratedTimeWithNTP.h */ = {isa = PBXFileReference; fileEncoding = 4; lastKnownFileType = sourcecode.c.h; path = TDCalibratedTimeWithNTP.h; sourceTree = "<group>"; };
		F35B1311242EFB9B00C630FC /* TDCalibratedTime.m */ = {isa = PBXFileReference; fileEncoding = 4; lastKnownFileType = sourcecode.c.objc; path = TDCalibratedTime.m; sourceTree = "<group>"; };
		F35B1312242EFB9B00C630FC /* TDNTPServer.m */ = {isa = PBXFileReference; fileEncoding = 4; lastKnownFileType = sourcecode.c.objc; path = TDNTPServer.m; sourceTree = "<group>"; };
		F3D19014230136B30043D595 /* ThinkingSDK.framework */ = {isa = PBXFileReference; explicitFileType = wrapper.framework; includeInIndex = 0; path = ThinkingSDK.framework; sourceTree = BUILT_PRODUCTS_DIR; };
		F3D19017230136B30043D595 /* ThinkingSDK.h */ = {isa = PBXFileReference; lastKnownFileType = sourcecode.c.h; path = ThinkingSDK.h; sourceTree = "<group>"; };
		F3D19018230136B30043D595 /* Info.plist */ = {isa = PBXFileReference; lastKnownFileType = text.plist.xml; path = Info.plist; sourceTree = "<group>"; };
		F3D1901D230136B30043D595 /* ThinkingSDKTests.xctest */ = {isa = PBXFileReference; explicitFileType = wrapper.cfbundle; includeInIndex = 0; path = ThinkingSDKTests.xctest; sourceTree = BUILT_PRODUCTS_DIR; };
		F3D19022230136B30043D595 /* ThinkingSDKTests.m */ = {isa = PBXFileReference; lastKnownFileType = sourcecode.c.objc; path = ThinkingSDKTests.m; sourceTree = "<group>"; };
		F3D19024230136B30043D595 /* Info.plist */ = {isa = PBXFileReference; lastKnownFileType = text.plist.xml; path = Info.plist; sourceTree = "<group>"; };
		F3D1902F230137600043D595 /* TDKeychainItemWrapper.h */ = {isa = PBXFileReference; fileEncoding = 4; lastKnownFileType = sourcecode.c.h; path = TDKeychainItemWrapper.h; sourceTree = "<group>"; };
		F3D19030230137600043D595 /* TDDeviceInfo.m */ = {isa = PBXFileReference; fileEncoding = 4; lastKnownFileType = sourcecode.c.objc; path = TDDeviceInfo.m; sourceTree = "<group>"; };
		F3D19031230137600043D595 /* TDConfig.m */ = {isa = PBXFileReference; fileEncoding = 4; lastKnownFileType = sourcecode.c.objc; path = TDConfig.m; sourceTree = "<group>"; };
		F3D19032230137600043D595 /* TDJSONUtil.h */ = {isa = PBXFileReference; fileEncoding = 4; lastKnownFileType = sourcecode.c.h; path = TDJSONUtil.h; sourceTree = "<group>"; };
		F3D19033230137600043D595 /* TDOSLog.m */ = {isa = PBXFileReference; fileEncoding = 4; lastKnownFileType = sourcecode.c.objc; path = TDOSLog.m; sourceTree = "<group>"; };
		F3D19036230137600043D595 /* ThinkingExceptionHandler.m */ = {isa = PBXFileReference; fileEncoding = 4; lastKnownFileType = sourcecode.c.objc; path = ThinkingExceptionHandler.m; sourceTree = "<group>"; };
		F3D19037230137600043D595 /* TDSqliteDataQueue.m */ = {isa = PBXFileReference; fileEncoding = 4; lastKnownFileType = sourcecode.c.objc; path = TDSqliteDataQueue.m; sourceTree = "<group>"; };
		F3D19038230137600043D595 /* TDNetwork.h */ = {isa = PBXFileReference; fileEncoding = 4; lastKnownFileType = sourcecode.c.h; path = TDNetwork.h; sourceTree = "<group>"; };
		F3D19039230137600043D595 /* NSData+TDGzip.m */ = {isa = PBXFileReference; fileEncoding = 4; lastKnownFileType = sourcecode.c.objc; path = "NSData+TDGzip.m"; sourceTree = "<group>"; };
		F3D1903A230137600043D595 /* ThinkingAnalyticsSDK.m */ = {isa = PBXFileReference; fileEncoding = 4; lastKnownFileType = sourcecode.c.objc; path = ThinkingAnalyticsSDK.m; sourceTree = "<group>"; };
		F3D1903B230137600043D595 /* TDLogging.m */ = {isa = PBXFileReference; fileEncoding = 4; lastKnownFileType = sourcecode.c.objc; path = TDLogging.m; sourceTree = "<group>"; };
		F3D1903D230137600043D595 /* ThinkingAnalyticsSDKPrivate.h */ = {isa = PBXFileReference; fileEncoding = 4; lastKnownFileType = sourcecode.c.h; path = ThinkingAnalyticsSDKPrivate.h; sourceTree = "<group>"; };
		F3D1903F230137600043D595 /* TDAutoTrackManager.h */ = {isa = PBXFileReference; fileEncoding = 4; lastKnownFileType = sourcecode.c.h; path = TDAutoTrackManager.h; sourceTree = "<group>"; };
		F3D19040230137600043D595 /* NSObject+TDSwizzle.h */ = {isa = PBXFileReference; fileEncoding = 4; lastKnownFileType = sourcecode.c.h; path = "NSObject+TDSwizzle.h"; sourceTree = "<group>"; };
		F3D19041230137600043D595 /* UIViewController+AutoTrack.m */ = {isa = PBXFileReference; fileEncoding = 4; lastKnownFileType = sourcecode.c.objc; path = "UIViewController+AutoTrack.m"; sourceTree = "<group>"; };
		F3D19042230137600043D595 /* TDSwizzler.h */ = {isa = PBXFileReference; fileEncoding = 4; lastKnownFileType = sourcecode.c.h; path = TDSwizzler.h; sourceTree = "<group>"; };
		F3D19043230137600043D595 /* UIApplication+AutoTrack.m */ = {isa = PBXFileReference; fileEncoding = 4; lastKnownFileType = sourcecode.c.objc; path = "UIApplication+AutoTrack.m"; sourceTree = "<group>"; };
		F3D19044230137600043D595 /* TDAutoTrackManager.m */ = {isa = PBXFileReference; fileEncoding = 4; lastKnownFileType = sourcecode.c.objc; path = TDAutoTrackManager.m; sourceTree = "<group>"; };
		F3D19045230137600043D595 /* UIViewController+AutoTrack.h */ = {isa = PBXFileReference; fileEncoding = 4; lastKnownFileType = sourcecode.c.h; path = "UIViewController+AutoTrack.h"; sourceTree = "<group>"; };
		F3D19046230137600043D595 /* NSObject+TDSwizzle.m */ = {isa = PBXFileReference; fileEncoding = 4; lastKnownFileType = sourcecode.c.objc; path = "NSObject+TDSwizzle.m"; sourceTree = "<group>"; };
		F3D19047230137600043D595 /* TDSwizzler.m */ = {isa = PBXFileReference; fileEncoding = 4; lastKnownFileType = sourcecode.c.objc; path = TDSwizzler.m; sourceTree = "<group>"; };
		F3D19048230137600043D595 /* UIApplication+AutoTrack.h */ = {isa = PBXFileReference; fileEncoding = 4; lastKnownFileType = sourcecode.c.h; path = "UIApplication+AutoTrack.h"; sourceTree = "<group>"; };
		F3D1904A230137600043D595 /* TDOSLog.h */ = {isa = PBXFileReference; fileEncoding = 4; lastKnownFileType = sourcecode.c.h; path = TDOSLog.h; sourceTree = "<group>"; };
		F3D1904B230137600043D595 /* TDJSONUtil.m */ = {isa = PBXFileReference; fileEncoding = 4; lastKnownFileType = sourcecode.c.objc; path = TDJSONUtil.m; sourceTree = "<group>"; };
		F3D1904C230137600043D595 /* TDConfig.h */ = {isa = PBXFileReference; fileEncoding = 4; lastKnownFileType = sourcecode.c.h; path = TDConfig.h; sourceTree = "<group>"; };
		F3D1904D230137600043D595 /* TDDeviceInfo.h */ = {isa = PBXFileReference; fileEncoding = 4; lastKnownFileType = sourcecode.c.h; path = TDDeviceInfo.h; sourceTree = "<group>"; };
		F3D1904E230137600043D595 /* TDKeychainItemWrapper.m */ = {isa = PBXFileReference; fileEncoding = 4; lastKnownFileType = sourcecode.c.objc; path = TDKeychainItemWrapper.m; sourceTree = "<group>"; };
		F3D1904F230137600043D595 /* TDNetwork.m */ = {isa = PBXFileReference; fileEncoding = 4; lastKnownFileType = sourcecode.c.objc; path = TDNetwork.m; sourceTree = "<group>"; };
		F3D19050230137600043D595 /* TDSqliteDataQueue.h */ = {isa = PBXFileReference; fileEncoding = 4; lastKnownFileType = sourcecode.c.h; path = TDSqliteDataQueue.h; sourceTree = "<group>"; };
		F3D19051230137600043D595 /* ThinkingExceptionHandler.h */ = {isa = PBXFileReference; fileEncoding = 4; lastKnownFileType = sourcecode.c.h; path = ThinkingExceptionHandler.h; sourceTree = "<group>"; };
		F3D19053230137600043D595 /* TDLogging.h */ = {isa = PBXFileReference; fileEncoding = 4; lastKnownFileType = sourcecode.c.h; path = TDLogging.h; sourceTree = "<group>"; };
		F3D19054230137600043D595 /* ThinkingAnalyticsSDK.h */ = {isa = PBXFileReference; fileEncoding = 4; lastKnownFileType = sourcecode.c.h; path = ThinkingAnalyticsSDK.h; sourceTree = "<group>"; };
		F3D19055230137600043D595 /* NSData+TDGzip.h */ = {isa = PBXFileReference; fileEncoding = 4; lastKnownFileType = sourcecode.c.h; path = "NSData+TDGzip.h"; sourceTree = "<group>"; };
/* End PBXFileReference section */

/* Begin PBXFrameworksBuildPhase section */
		F3D19011230136B30043D595 /* Frameworks */ = {
			isa = PBXFrameworksBuildPhase;
			buildActionMask = 2147483647;
			files = (
			);
			runOnlyForDeploymentPostprocessing = 0;
		};
		F3D1901A230136B30043D595 /* Frameworks */ = {
			isa = PBXFrameworksBuildPhase;
			buildActionMask = 2147483647;
			files = (
				F3D1901E230136B30043D595 /* ThinkingSDK.framework in Frameworks */,
				6E43B76D25651E2B004F4F87 /* libOCMock.a in Frameworks */,
			);
			runOnlyForDeploymentPostprocessing = 0;
		};
/* End PBXFrameworksBuildPhase section */

/* Begin PBXGroup section */
		6E05F13F2508703E00A8613C /* category */ = {
			isa = PBXGroup;
			children = (
				F3D19055230137600043D595 /* NSData+TDGzip.h */,
				F3D19039230137600043D595 /* NSData+TDGzip.m */,
				69F3D7EF260323CB0004986A /* NSDictionary+TDJsonOutput.h */,
				69F3D7F0260323CB0004986A /* NSDictionary+TDJsonOutput.m */,
			);
			path = category;
			sourceTree = "<group>";
		};
		6E05F140250870E900A8613C /* view */ = {
			isa = PBXGroup;
			children = (
				F3D19048230137600043D595 /* UIApplication+AutoTrack.h */,
				F3D19043230137600043D595 /* UIApplication+AutoTrack.m */,
			);
			path = view;
			sourceTree = "<group>";
		};
		6E05F141250870F900A8613C /* vc */ = {
			isa = PBXGroup;
			children = (
				F3D19045230137600043D595 /* UIViewController+AutoTrack.h */,
				F3D19041230137600043D595 /* UIViewController+AutoTrack.m */,
			);
			path = vc;
			sourceTree = "<group>";
		};
		6E05F1422508710600A8613C /* model */ = {
			isa = PBXGroup;
			children = (
				F3D19042230137600043D595 /* TDSwizzler.h */,
				F3D19047230137600043D595 /* TDSwizzler.m */,
				F3D19040230137600043D595 /* NSObject+TDSwizzle.h */,
				F3D19046230137600043D595 /* NSObject+TDSwizzle.m */,
				F3D1903F230137600043D595 /* TDAutoTrackManager.h */,
				F3D19044230137600043D595 /* TDAutoTrackManager.m */,
				2E24A21D2716B50A008343AD /* TDStartTracker.h */,
				2E24A21E2716B50A008343AD /* TDStartTracker.m */,
				2E24A2212716B910008343AD /* TDAutoTracker.h */,
				2E24A2222716B910008343AD /* TDAutoTracker.m */,
			);
			path = model;
			sourceTree = "<group>";
		};
		6E43B74F25651983004F4F87 /* Frameworks */ = {
			isa = PBXGroup;
			children = (
				6E43B75025651983004F4F87 /* OCMock.framework */,
			);
			name = Frameworks;
			sourceTree = "<group>";
		};
		6E43B75525651C36004F4F87 /* Headers */ = {
			isa = PBXGroup;
			children = (
			);
			path = Headers;
			sourceTree = "<group>";
		};
		6E43B75E25651E2B004F4F87 /* usr */ = {
			isa = PBXGroup;
			children = (
				6E43B75F25651E2B004F4F87 /* include */,
				6E43B76B25651E2B004F4F87 /* lib */,
			);
			path = usr;
			sourceTree = "<group>";
		};
		6E43B75F25651E2B004F4F87 /* include */ = {
			isa = PBXGroup;
			children = (
				6E43B76025651E2B004F4F87 /* OCMock */,
			);
			path = include;
			sourceTree = "<group>";
		};
		6E43B76025651E2B004F4F87 /* OCMock */ = {
			isa = PBXGroup;
			children = (
				6E43B76125651E2B004F4F87 /* OCMockObject.h */,
				6E43B76225651E2B004F4F87 /* OCMMacroState.h */,
				6E43B76325651E2B004F4F87 /* OCMock.h */,
				6E43B76425651E2B004F4F87 /* NSNotificationCenter+OCMAdditions.h */,
				6E43B76525651E2B004F4F87 /* OCMFunctions.h */,
				6E43B76625651E2B004F4F87 /* OCMStubRecorder.h */,
				6E43B76725651E2B004F4F87 /* OCMRecorder.h */,
				6E43B76825651E2B004F4F87 /* OCMLocation.h */,
				6E43B76925651E2B004F4F87 /* OCMConstraint.h */,
				6E43B76A25651E2B004F4F87 /* OCMArg.h */,
			);
			path = OCMock;
			sourceTree = "<group>";
		};
		6E43B76B25651E2B004F4F87 /* lib */ = {
			isa = PBXGroup;
			children = (
				6E43B76C25651E2B004F4F87 /* libOCMock.a */,
			);
			path = lib;
			sourceTree = "<group>";
		};
		6E4DF53624EF6EB300BB1AB4 /* EventModel */ = {
			isa = PBXGroup;
			children = (
				6E58D58824C7F06200DD11C1 /* TDEventModel.h */,
				6E58D58924C7F06200DD11C1 /* TDEventModel.m */,
				6E4DF53724EF6ED800BB1AB4 /* TDFirstEventModel.h */,
				6E4DF53824EF6ED800BB1AB4 /* TDFirstEventModel.m */,
				6E4DF53B24EF6F3F00BB1AB4 /* TDEditableEventModel.h */,
				6E4DF53C24EF6F3F00BB1AB4 /* TDEditableEventModel.m */,
			);
			path = EventModel;
			sourceTree = "<group>";
		};
		6EA4D8CB25072B7E0035D575 /* main */ = {
			isa = PBXGroup;
			children = (
				F3D1903D230137600043D595 /* ThinkingAnalyticsSDKPrivate.h */,
				F3247C9923176BEB00F2FBBB /* LightThinkingAnalyticsSDK.m */,
				F3D19054230137600043D595 /* ThinkingAnalyticsSDK.h */,
				F3D1903A230137600043D595 /* ThinkingAnalyticsSDK.m */,
				F3D19017230136B30043D595 /* ThinkingSDK.h */,
			);
			path = main;
			sourceTree = "<group>";
		};
		6EA4D8CC25072B9D0035D575 /* common */ = {
			isa = PBXGroup;
			children = (
				6E05F13F2508703E00A8613C /* category */,
				6EA4D8D6250756C60035D575 /* exception */,
				6EA4D8D5250756960035D575 /* util */,
				6EA4D8D4250756820035D575 /* logger */,
				6EA4D8D32507566D0035D575 /* config */,
				6EA4D8D22507564B0035D575 /* file */,
				6EA4D8D1250754B40035D575 /* network */,
				F3D1904D230137600043D595 /* TDDeviceInfo.h */,
				F3D19030230137600043D595 /* TDDeviceInfo.m */,
				F30338BB23AA0E5F0020C129 /* TDToastView.h */,
				F30338BA23AA0E5F0020C129 /* TDToastView.m */,
				69F0D6BF265CDE5500D1CD4B /* TDPresetProperties.h */,
				69F0D6C0265CDE5500D1CD4B /* TDPresetProperties.m */,
			);
			path = common;
			sourceTree = "<group>";
		};
		6EA4D8D1250754B40035D575 /* network */ = {
			isa = PBXGroup;
			children = (
				F30338BE23AB57740020C129 /* TDSecurityPolicy.h */,
				F30338BF23AB57750020C129 /* TDSecurityPolicy.m */,
				F3D19038230137600043D595 /* TDNetwork.h */,
				F3D1904F230137600043D595 /* TDNetwork.m */,
			);
			path = network;
			sourceTree = "<group>";
		};
		6EA4D8D22507564B0035D575 /* file */ = {
			isa = PBXGroup;
			children = (
				F3D1902F230137600043D595 /* TDKeychainItemWrapper.h */,
				F3D1904E230137600043D595 /* TDKeychainItemWrapper.m */,
				F3D19050230137600043D595 /* TDSqliteDataQueue.h */,
				F3D19037230137600043D595 /* TDSqliteDataQueue.m */,
				6EA4D8D72507632F0035D575 /* TDFile.h */,
				6EA4D8D82507632F0035D575 /* TDFile.m */,
			);
			path = file;
			sourceTree = "<group>";
		};
		6EA4D8D32507566D0035D575 /* config */ = {
			isa = PBXGroup;
			children = (
				F3D1904C230137600043D595 /* TDConfig.h */,
				F3D19031230137600043D595 /* TDConfig.m */,
				6EA4D8CD250753FC0035D575 /* TDConstant.h */,
				6E05F0F62507715900A8613C /* TDPublicConfig.h */,
				6E05F0F72507715900A8613C /* TDPublicConfig.m */,
			);
			path = config;
			sourceTree = "<group>";
		};
		6EA4D8D4250756820035D575 /* logger */ = {
			isa = PBXGroup;
			children = (
				F3D19053230137600043D595 /* TDLogging.h */,
				F3D1903B230137600043D595 /* TDLogging.m */,
				F3D1904A230137600043D595 /* TDOSLog.h */,
				F3D19033230137600043D595 /* TDOSLog.m */,
			);
			path = logger;
			sourceTree = "<group>";
		};
		6EA4D8D5250756960035D575 /* util */ = {
			isa = PBXGroup;
			children = (
				F3D19032230137600043D595 /* TDJSONUtil.h */,
				F3D1904B230137600043D595 /* TDJSONUtil.m */,
				6E05F0FA25077DA200A8613C /* TDSDKUtil.h */,
				6E05F0FB25077DA200A8613C /* TDSDKUtil.m */,
			);
			path = util;
			sourceTree = "<group>";
		};
		6EA4D8D6250756C60035D575 /* exception */ = {
			isa = PBXGroup;
			children = (
				F3D19051230137600043D595 /* ThinkingExceptionHandler.h */,
				F3D19036230137600043D595 /* ThinkingExceptionHandler.m */,
			);
			path = exception;
			sourceTree = "<group>";
		};
		F35B130A242EFB9B00C630FC /* CalibratedTime */ = {
			isa = PBXGroup;
			children = (
				F35B130E242EFB9B00C630FC /* TDNTPServer.h */,
				F35B1312242EFB9B00C630FC /* TDNTPServer.m */,
				F35B130C242EFB9B00C630FC /* TDNTPTypes.h */,
				F35B130F242EFB9B00C630FC /* TDNTPTypes.c */,
				F35B130D242EFB9B00C630FC /* TDCalibratedTime.h */,
				F35B1311242EFB9B00C630FC /* TDCalibratedTime.m */,
				F35B1310242EFB9B00C630FC /* TDCalibratedTimeWithNTP.h */,
				F35B130B242EFB9B00C630FC /* TDCalibratedTimeWithNTP.m */,
			);
			path = CalibratedTime;
			sourceTree = "<group>";
		};
		F3D1900A230136B30043D595 = {
			isa = PBXGroup;
			children = (
				F3D19016230136B30043D595 /* ThinkingSDK */,
				F3D19021230136B30043D595 /* ThinkingSDKTests */,
				F3D19015230136B30043D595 /* Products */,
				6E43B74F25651983004F4F87 /* Frameworks */,
			);
			sourceTree = "<group>";
		};
		F3D19015230136B30043D595 /* Products */ = {
			isa = PBXGroup;
			children = (
				F3D19014230136B30043D595 /* ThinkingSDK.framework */,
				F3D1901D230136B30043D595 /* ThinkingSDKTests.xctest */,
			);
			name = Products;
			sourceTree = "<group>";
		};
		F3D19016230136B30043D595 /* ThinkingSDK */ = {
			isa = PBXGroup;
			children = (
				F3D1902E230137600043D595 /* Source */,
				F3D19018230136B30043D595 /* Info.plist */,
			);
			path = ThinkingSDK;
			sourceTree = "<group>";
		};
		F3D19021230136B30043D595 /* ThinkingSDKTests */ = {
			isa = PBXGroup;
			children = (
				6E43B75E25651E2B004F4F87 /* usr */,
				6E43B75525651C36004F4F87 /* Headers */,
				F3D19022230136B30043D595 /* ThinkingSDKTests.m */,
				F3D19024230136B30043D595 /* Info.plist */,
			);
			path = ThinkingSDKTests;
			sourceTree = "<group>";
		};
		F3D1902E230137600043D595 /* Source */ = {
			isa = PBXGroup;
			children = (
				6EA4D8CC25072B9D0035D575 /* common */,
				6EA4D8CB25072B7E0035D575 /* main */,
				6E4DF53624EF6EB300BB1AB4 /* EventModel */,
				F35B130A242EFB9B00C630FC /* CalibratedTime */,
				F3D1903E230137600043D595 /* AutoTrack */,
			);
			path = Source;
			sourceTree = "<group>";
		};
		F3D1903E230137600043D595 /* AutoTrack */ = {
			isa = PBXGroup;
			children = (
				6E05F1422508710600A8613C /* model */,
				6E05F141250870F900A8613C /* vc */,
				6E05F140250870E900A8613C /* view */,
			);
			path = AutoTrack;
			sourceTree = "<group>";
		};
/* End PBXGroup section */

/* Begin PBXHeadersBuildPhase section */
		F3D1900F230136B30043D595 /* Headers */ = {
			isa = PBXHeadersBuildPhase;
			buildActionMask = 2147483647;
			files = (
				6EA4D8CF250753FC0035D575 /* TDConstant.h in Headers */,
				F3D19072230137610043D595 /* TDConfig.h in Headers */,
				F3D19059230137600043D595 /* TDJSONUtil.h in Headers */,
				F3D1907A230137610043D595 /* ThinkingAnalyticsSDK.h in Headers */,
				2E24A2232716B910008343AD /* TDAutoTracker.h in Headers */,
				F3D19064230137600043D595 /* ThinkingAnalyticsSDKPrivate.h in Headers */,
				F3D1905F230137600043D595 /* TDNetwork.h in Headers */,
				F30338C023AB57750020C129 /* TDSecurityPolicy.h in Headers */,
				6E05F0F82507715900A8613C /* TDPublicConfig.h in Headers */,
				F30338BD23AA0E600020C129 /* TDToastView.h in Headers */,
				69F0D6C1265CDE5500D1CD4B /* TDPresetProperties.h in Headers */,
				F3D1907B230137610043D595 /* NSData+TDGzip.h in Headers */,
				F35B1318242EFB9B00C630FC /* TDCalibratedTimeWithNTP.h in Headers */,
				F3D19077230137610043D595 /* ThinkingExceptionHandler.h in Headers */,
				F3D1906E230137610043D595 /* UIApplication+AutoTrack.h in Headers */,
				F3D19068230137600043D595 /* TDSwizzler.h in Headers */,
				6E4DF53D24EF6F3F00BB1AB4 /* TDEditableEventModel.h in Headers */,
				F35B1314242EFB9B00C630FC /* TDNTPTypes.h in Headers */,
				F3D19073230137610043D595 /* TDDeviceInfo.h in Headers */,
				F3D19066230137600043D595 /* NSObject+TDSwizzle.h in Headers */,
				6E4DF53924EF6ED800BB1AB4 /* TDFirstEventModel.h in Headers */,
				F35B1316242EFB9B00C630FC /* TDNTPServer.h in Headers */,
				F35B1315242EFB9B00C630FC /* TDCalibratedTime.h in Headers */,
				F3D19065230137600043D595 /* TDAutoTrackManager.h in Headers */,
				69F3D7F1260323CB0004986A /* NSDictionary+TDJsonOutput.h in Headers */,
				6E58D58A24C7F06200DD11C1 /* TDEventModel.h in Headers */,
				6EA4D8D92507632F0035D575 /* TDFile.h in Headers */,
				2E24A21F2716B50A008343AD /* TDStartTracker.h in Headers */,
				F3D19079230137610043D595 /* TDLogging.h in Headers */,
				F3D1906B230137600043D595 /* UIViewController+AutoTrack.h in Headers */,
				F3D19076230137610043D595 /* TDSqliteDataQueue.h in Headers */,
				F3D19025230136B30043D595 /* ThinkingSDK.h in Headers */,
				F3D19070230137610043D595 /* TDOSLog.h in Headers */,
				F3D19056230137600043D595 /* TDKeychainItemWrapper.h in Headers */,
				6E05F0FC25077DA200A8613C /* TDSDKUtil.h in Headers */,
			);
			runOnlyForDeploymentPostprocessing = 0;
		};
/* End PBXHeadersBuildPhase section */

/* Begin PBXNativeTarget section */
		F3D19013230136B30043D595 /* ThinkingSDK */ = {
			isa = PBXNativeTarget;
			buildConfigurationList = F3D19028230136B30043D595 /* Build configuration list for PBXNativeTarget "ThinkingSDK" */;
			buildPhases = (
				F3D1900F230136B30043D595 /* Headers */,
				F3D19010230136B30043D595 /* Sources */,
				F3D19011230136B30043D595 /* Frameworks */,
				F3D19012230136B30043D595 /* Resources */,
			);
			buildRules = (
			);
			dependencies = (
			);
			name = ThinkingSDK;
			productName = ThinkingSDK;
			productReference = F3D19014230136B30043D595 /* ThinkingSDK.framework */;
			productType = "com.apple.product-type.framework";
		};
		F3D1901C230136B30043D595 /* ThinkingSDKTests */ = {
			isa = PBXNativeTarget;
			buildConfigurationList = F3D1902B230136B30043D595 /* Build configuration list for PBXNativeTarget "ThinkingSDKTests" */;
			buildPhases = (
				F3D19019230136B30043D595 /* Sources */,
				F3D1901A230136B30043D595 /* Frameworks */,
				F3D1901B230136B30043D595 /* Resources */,
			);
			buildRules = (
			);
			dependencies = (
				F3D19020230136B30043D595 /* PBXTargetDependency */,
			);
			name = ThinkingSDKTests;
			productName = ThinkingSDKTests;
			productReference = F3D1901D230136B30043D595 /* ThinkingSDKTests.xctest */;
			productType = "com.apple.product-type.bundle.unit-test";
		};
/* End PBXNativeTarget section */

/* Begin PBXProject section */
		F3D1900B230136B30043D595 /* Project object */ = {
			isa = PBXProject;
			attributes = {
				LastUpgradeCheck = 1010;
				ORGANIZATIONNAME = thinkingdata;
				TargetAttributes = {
					F30FC01723141D38003335F8 = {
						CreatedOnToolsVersion = 10.3;
					};
					F3D19013230136B30043D595 = {
						CreatedOnToolsVersion = 10.1;
					};
					F3D1901C230136B30043D595 = {
						CreatedOnToolsVersion = 10.1;
					};
				};
			};
			buildConfigurationList = F3D1900E230136B30043D595 /* Build configuration list for PBXProject "ThinkingSDK" */;
			compatibilityVersion = "Xcode 9.3";
			developmentRegion = en;
			hasScannedForEncodings = 0;
			knownRegions = (
				en,
				Base,
			);
			mainGroup = F3D1900A230136B30043D595;
			productRefGroup = F3D19015230136B30043D595 /* Products */;
			projectDirPath = "";
			projectRoot = "";
			targets = (
				F3D19013230136B30043D595 /* ThinkingSDK */,
				F3D1901C230136B30043D595 /* ThinkingSDKTests */,
				F30FC01723141D38003335F8 /* ThinkingSDK-Universal */,
			);
		};
/* End PBXProject section */

/* Begin PBXResourcesBuildPhase section */
		F3D19012230136B30043D595 /* Resources */ = {
			isa = PBXResourcesBuildPhase;
			buildActionMask = 2147483647;
			files = (
			);
			runOnlyForDeploymentPostprocessing = 0;
		};
		F3D1901B230136B30043D595 /* Resources */ = {
			isa = PBXResourcesBuildPhase;
			buildActionMask = 2147483647;
			files = (
			);
			runOnlyForDeploymentPostprocessing = 0;
		};
/* End PBXResourcesBuildPhase section */

/* Begin PBXShellScriptBuildPhase section */
		F30FC01D23141D42003335F8 /* ShellScript */ = {
			isa = PBXShellScriptBuildPhase;
			buildActionMask = 2147483647;
			files = (
			);
			inputFileListPaths = (
			);
			inputPaths = (
			);
			outputFileListPaths = (
			);
			outputPaths = (
			);
			runOnlyForDeploymentPostprocessing = 0;
			shellPath = /bin/sh;
			shellScript = "set -e\n\nif [ -n \"$TD_MULTIPLATFORM_BUILD_IN_PROGRESS\" ]; then\nexit 0\nfi\nexport TD_MULTIPLATFORM_BUILD_IN_PROGRESS=1\n\nUNIVERSAL_BUILD_FOLDER=./build/\nmkdir -p \"${UNIVERSAL_BUILD_FOLDER}\"\nrm -rf \"${UNIVERSAL_BUILD_FOLDER}/${PROJECT_NAME}.framework\"\n\nTARGET=${TARGET_NAME%-Universal}\n\nxcodebuild -target \"${TARGET}\" ONLY_ACTIVE_ARCH=NO -configuration \"${CONFIGURATION}\" -sdk iphoneos BUILD_DIR=\"${BUILD_DIR}\" BUILD_ROOT=\"${BUILD_ROOT}\"\nxcodebuild -target \"${TARGET}\" ONLY_ACTIVE_ARCH=NO -configuration \"${CONFIGURATION}\" -sdk iphonesimulator BUILD_DIR=\"${BUILD_DIR}\" BUILD_ROOT=\"${BUILD_ROOT}\"\n\ncp -R \"${BUILD_DIR}/${CONFIGURATION}-iphoneos/${PROJECT_NAME}.framework\" \"${UNIVERSAL_BUILD_FOLDER}/\"\n\nlipo -create -output \"${UNIVERSAL_BUILD_FOLDER}/${PROJECT_NAME}.framework/${PROJECT_NAME}\" \"${BUILD_DIR}/${CONFIGURATION}-iphonesimulator/${PROJECT_NAME}.framework/${PROJECT_NAME}\" \"${BUILD_DIR}/${CONFIGURATION}-iphoneos/${PROJECT_NAME}.framework/${PROJECT_NAME}\"\n\nRESOURCES_INPUT_FOLDER=\"./ThinkingSDK/TDAnalyticsSDK.bundle\"\nif [ -d \"${RESOURCES_INPUT_FOLDER}\" ]; then\nRESOURCES_OUTPUT_FOLDER=\"${UNIVERSAL_BUILD_FOLDER}/ThinkingSDK.framework/TDAnalyticsSDK.bundle\"\nrm -rf \"${RESOURCES_OUTPUT_FOLDER}\"\ncp -R \"${RESOURCES_INPUT_FOLDER}\" \"${RESOURCES_OUTPUT_FOLDER}\"\nfi\n\nopen \"${UNIVERSAL_BUILD_FOLDER}\"\n";
		};
/* End PBXShellScriptBuildPhase section */

/* Begin PBXSourcesBuildPhase section */
		F3D19010230136B30043D595 /* Sources */ = {
			isa = PBXSourcesBuildPhase;
			buildActionMask = 2147483647;
			files = (
				F35B1317242EFB9B00C630FC /* TDNTPTypes.c in Sources */,
				F35B1319242EFB9B00C630FC /* TDCalibratedTime.m in Sources */,
				F30338C123AB57750020C129 /* TDSecurityPolicy.m in Sources */,
				6EA4D8DA2507632F0035D575 /* TDFile.m in Sources */,
				F3247C9B23176BEB00F2FBBB /* LightThinkingAnalyticsSDK.m in Sources */,
				6E58D58B24C7F06200DD11C1 /* TDEventModel.m in Sources */,
				2E24A2242716B910008343AD /* TDAutoTracker.m in Sources */,
				69F0D6C2265CDE5500D1CD4B /* TDPresetProperties.m in Sources */,
				6E05F0FD25077DA200A8613C /* TDSDKUtil.m in Sources */,
				F3D19057230137600043D595 /* TDDeviceInfo.m in Sources */,
				F3D1906A230137600043D595 /* TDAutoTrackManager.m in Sources */,
				F3D1906D230137610043D595 /* TDSwizzler.m in Sources */,
				6E4DF53E24EF6F3F00BB1AB4 /* TDEditableEventModel.m in Sources */,
				F30338BC23AA0E600020C129 /* TDToastView.m in Sources */,
				F3D1906C230137610043D595 /* NSObject+TDSwizzle.m in Sources */,
				6E05F0F92507715900A8613C /* TDPublicConfig.m in Sources */,
				F3D1905A230137600043D595 /* TDOSLog.m in Sources */,
				6E4DF53A24EF6ED800BB1AB4 /* TDFirstEventModel.m in Sources */,
				F3D19074230137610043D595 /* TDKeychainItemWrapper.m in Sources */,
				F3D19075230137610043D595 /* TDNetwork.m in Sources */,
				F3D19060230137600043D595 /* NSData+TDGzip.m in Sources */,
				F3D19061230137600043D595 /* ThinkingAnalyticsSDK.m in Sources */,
				F3D1905D230137600043D595 /* ThinkingExceptionHandler.m in Sources */,
				F35B131A242EFB9B00C630FC /* TDNTPServer.m in Sources */,
				F3D19069230137600043D595 /* UIApplication+AutoTrack.m in Sources */,
				69F3D7F2260323CB0004986A /* NSDictionary+TDJsonOutput.m in Sources */,
				F3D19071230137610043D595 /* TDJSONUtil.m in Sources */,
				F3D19062230137600043D595 /* TDLogging.m in Sources */,
				F35B1313242EFB9B00C630FC /* TDCalibratedTimeWithNTP.m in Sources */,
				F3D19067230137600043D595 /* UIViewController+AutoTrack.m in Sources */,
				2E24A2202716B50A008343AD /* TDStartTracker.m in Sources */,
				F3D1905E230137600043D595 /* TDSqliteDataQueue.m in Sources */,
				F3D19058230137600043D595 /* TDConfig.m in Sources */,
			);
			runOnlyForDeploymentPostprocessing = 0;
		};
		F3D19019230136B30043D595 /* Sources */ = {
			isa = PBXSourcesBuildPhase;
			buildActionMask = 2147483647;
			files = (
				F3D19023230136B30043D595 /* ThinkingSDKTests.m in Sources */,
			);
			runOnlyForDeploymentPostprocessing = 0;
		};
/* End PBXSourcesBuildPhase section */

/* Begin PBXTargetDependency section */
		F30FC01C23141D40003335F8 /* PBXTargetDependency */ = {
			isa = PBXTargetDependency;
			target = F3D19013230136B30043D595 /* ThinkingSDK */;
			targetProxy = F30FC01B23141D40003335F8 /* PBXContainerItemProxy */;
		};
		F3D19020230136B30043D595 /* PBXTargetDependency */ = {
			isa = PBXTargetDependency;
			target = F3D19013230136B30043D595 /* ThinkingSDK */;
			targetProxy = F3D1901F230136B30043D595 /* PBXContainerItemProxy */;
		};
/* End PBXTargetDependency section */

/* Begin XCBuildConfiguration section */
		F30FC01823141D38003335F8 /* Debug */ = {
			isa = XCBuildConfiguration;
			buildSettings = {
				CODE_SIGN_STYLE = Automatic;
				MACH_O_TYPE = staticlib;
				PRODUCT_NAME = "$(TARGET_NAME)";
			};
			name = Debug;
		};
		F30FC01923141D38003335F8 /* Release */ = {
			isa = XCBuildConfiguration;
			buildSettings = {
				CODE_SIGN_STYLE = Automatic;
				MACH_O_TYPE = staticlib;
				PRODUCT_NAME = "$(TARGET_NAME)";
			};
			name = Release;
		};
		F3D19026230136B30043D595 /* Debug */ = {
			isa = XCBuildConfiguration;
			buildSettings = {
				ALWAYS_SEARCH_USER_PATHS = NO;
				CLANG_ANALYZER_NONNULL = YES;
				CLANG_ANALYZER_NUMBER_OBJECT_CONVERSION = YES_AGGRESSIVE;
				CLANG_CXX_LANGUAGE_STANDARD = "gnu++14";
				CLANG_CXX_LIBRARY = "libc++";
				CLANG_ENABLE_MODULES = YES;
				CLANG_ENABLE_OBJC_ARC = YES;
				CLANG_ENABLE_OBJC_WEAK = YES;
				CLANG_WARN_BLOCK_CAPTURE_AUTORELEASING = YES;
				CLANG_WARN_BOOL_CONVERSION = YES;
				CLANG_WARN_COMMA = YES;
				CLANG_WARN_CONSTANT_CONVERSION = YES;
				CLANG_WARN_DEPRECATED_OBJC_IMPLEMENTATIONS = YES;
				CLANG_WARN_DIRECT_OBJC_ISA_USAGE = YES_ERROR;
				CLANG_WARN_DOCUMENTATION_COMMENTS = YES;
				CLANG_WARN_EMPTY_BODY = YES;
				CLANG_WARN_ENUM_CONVERSION = YES;
				CLANG_WARN_INFINITE_RECURSION = YES;
				CLANG_WARN_INT_CONVERSION = YES;
				CLANG_WARN_NON_LITERAL_NULL_CONVERSION = YES;
				CLANG_WARN_OBJC_IMPLICIT_RETAIN_SELF = YES;
				CLANG_WARN_OBJC_LITERAL_CONVERSION = YES;
				CLANG_WARN_OBJC_ROOT_CLASS = YES_ERROR;
				CLANG_WARN_RANGE_LOOP_ANALYSIS = YES;
				CLANG_WARN_STRICT_PROTOTYPES = YES;
				CLANG_WARN_SUSPICIOUS_MOVE = YES;
				CLANG_WARN_UNGUARDED_AVAILABILITY = YES_AGGRESSIVE;
				CLANG_WARN_UNREACHABLE_CODE = YES;
				CLANG_WARN__DUPLICATE_METHOD_MATCH = YES;
				CODE_SIGN_IDENTITY = "iPhone Developer";
				COPY_PHASE_STRIP = NO;
				CURRENT_PROJECT_VERSION = 1;
				DEBUG_INFORMATION_FORMAT = dwarf;
				ENABLE_STRICT_OBJC_MSGSEND = YES;
				ENABLE_TESTABILITY = YES;
				GCC_C_LANGUAGE_STANDARD = gnu11;
				GCC_DYNAMIC_NO_PIC = NO;
				GCC_NO_COMMON_BLOCKS = YES;
				GCC_OPTIMIZATION_LEVEL = 0;
				GCC_PREPROCESSOR_DEFINITIONS = (
					"DEBUG=1",
					"$(inherited)",
				);
				GCC_WARN_64_TO_32_BIT_CONVERSION = YES;
				GCC_WARN_ABOUT_RETURN_TYPE = YES_ERROR;
				GCC_WARN_UNDECLARED_SELECTOR = YES;
				GCC_WARN_UNINITIALIZED_AUTOS = YES_AGGRESSIVE;
				GCC_WARN_UNUSED_FUNCTION = YES;
				GCC_WARN_UNUSED_VARIABLE = YES;
				IPHONEOS_DEPLOYMENT_TARGET = 8.0;
				MTL_ENABLE_DEBUG_INFO = INCLUDE_SOURCE;
				MTL_FAST_MATH = YES;
				ONLY_ACTIVE_ARCH = YES;
				SDKROOT = iphoneos;
				VERSIONING_SYSTEM = "apple-generic";
				VERSION_INFO_PREFIX = "";
			};
			name = Debug;
		};
		F3D19027230136B30043D595 /* Release */ = {
			isa = XCBuildConfiguration;
			buildSettings = {
				ALWAYS_SEARCH_USER_PATHS = NO;
				CLANG_ANALYZER_NONNULL = YES;
				CLANG_ANALYZER_NUMBER_OBJECT_CONVERSION = YES_AGGRESSIVE;
				CLANG_CXX_LANGUAGE_STANDARD = "gnu++14";
				CLANG_CXX_LIBRARY = "libc++";
				CLANG_ENABLE_MODULES = YES;
				CLANG_ENABLE_OBJC_ARC = YES;
				CLANG_ENABLE_OBJC_WEAK = YES;
				CLANG_WARN_BLOCK_CAPTURE_AUTORELEASING = YES;
				CLANG_WARN_BOOL_CONVERSION = YES;
				CLANG_WARN_COMMA = YES;
				CLANG_WARN_CONSTANT_CONVERSION = YES;
				CLANG_WARN_DEPRECATED_OBJC_IMPLEMENTATIONS = YES;
				CLANG_WARN_DIRECT_OBJC_ISA_USAGE = YES_ERROR;
				CLANG_WARN_DOCUMENTATION_COMMENTS = YES;
				CLANG_WARN_EMPTY_BODY = YES;
				CLANG_WARN_ENUM_CONVERSION = YES;
				CLANG_WARN_INFINITE_RECURSION = YES;
				CLANG_WARN_INT_CONVERSION = YES;
				CLANG_WARN_NON_LITERAL_NULL_CONVERSION = YES;
				CLANG_WARN_OBJC_IMPLICIT_RETAIN_SELF = YES;
				CLANG_WARN_OBJC_LITERAL_CONVERSION = YES;
				CLANG_WARN_OBJC_ROOT_CLASS = YES_ERROR;
				CLANG_WARN_RANGE_LOOP_ANALYSIS = YES;
				CLANG_WARN_STRICT_PROTOTYPES = YES;
				CLANG_WARN_SUSPICIOUS_MOVE = YES;
				CLANG_WARN_UNGUARDED_AVAILABILITY = YES_AGGRESSIVE;
				CLANG_WARN_UNREACHABLE_CODE = YES;
				CLANG_WARN__DUPLICATE_METHOD_MATCH = YES;
				CODE_SIGN_IDENTITY = "iPhone Developer";
				COPY_PHASE_STRIP = NO;
				CURRENT_PROJECT_VERSION = 1;
				DEBUG_INFORMATION_FORMAT = "dwarf-with-dsym";
				ENABLE_NS_ASSERTIONS = NO;
				ENABLE_STRICT_OBJC_MSGSEND = YES;
				GCC_C_LANGUAGE_STANDARD = gnu11;
				GCC_NO_COMMON_BLOCKS = YES;
				GCC_WARN_64_TO_32_BIT_CONVERSION = YES;
				GCC_WARN_ABOUT_RETURN_TYPE = YES_ERROR;
				GCC_WARN_UNDECLARED_SELECTOR = YES;
				GCC_WARN_UNINITIALIZED_AUTOS = YES_AGGRESSIVE;
				GCC_WARN_UNUSED_FUNCTION = YES;
				GCC_WARN_UNUSED_VARIABLE = YES;
				IPHONEOS_DEPLOYMENT_TARGET = 8.0;
				MTL_ENABLE_DEBUG_INFO = NO;
				MTL_FAST_MATH = YES;
				SDKROOT = iphoneos;
				VALIDATE_PRODUCT = YES;
				VERSIONING_SYSTEM = "apple-generic";
				VERSION_INFO_PREFIX = "";
			};
			name = Release;
		};
		F3D19029230136B30043D595 /* Debug */ = {
			isa = XCBuildConfiguration;
			buildSettings = {
				CODE_SIGN_IDENTITY = "Apple Development";
				CODE_SIGN_STYLE = Automatic;
				DEFINES_MODULE = YES;
				DEVELOPMENT_TEAM = "";
				DYLIB_COMPATIBILITY_VERSION = 1;
				DYLIB_CURRENT_VERSION = 1;
				DYLIB_INSTALL_NAME_BASE = "@rpath";
				ENABLE_BITCODE = YES;
				"EXCLUDED_ARCHS[sdk=iphonesimulator*]" = arm64;
				INFOPLIST_FILE = ThinkingSDK/Info.plist;
				INSTALL_PATH = "$(LOCAL_LIBRARY_DIR)/Frameworks";
				LD_RUNPATH_SEARCH_PATHS = (
					"$(inherited)",
					"@executable_path/Frameworks",
					"@loader_path/Frameworks",
				);
				MACH_O_TYPE = staticlib;
				OTHER_CFLAGS = "-fembed-bitcode";
				PRODUCT_BUNDLE_IDENTIFIER = com.thinkingdata.sdk.ThinkingSDK;
				PRODUCT_NAME = "$(TARGET_NAME:c99extidentifier)";
				PROVISIONING_PROFILE_SPECIFIER = "";
				SKIP_INSTALL = YES;
				TARGETED_DEVICE_FAMILY = "1,2";
			};
			name = Debug;
		};
		F3D1902A230136B30043D595 /* Release */ = {
			isa = XCBuildConfiguration;
			buildSettings = {
				CODE_SIGN_IDENTITY = "Apple Development";
				CODE_SIGN_STYLE = Automatic;
				DEFINES_MODULE = YES;
				DEVELOPMENT_TEAM = "";
				DYLIB_COMPATIBILITY_VERSION = 1;
				DYLIB_CURRENT_VERSION = 1;
				DYLIB_INSTALL_NAME_BASE = "@rpath";
				ENABLE_BITCODE = YES;
				"EXCLUDED_ARCHS[sdk=iphonesimulator*]" = arm64;
				INFOPLIST_FILE = ThinkingSDK/Info.plist;
				INSTALL_PATH = "$(LOCAL_LIBRARY_DIR)/Frameworks";
				LD_RUNPATH_SEARCH_PATHS = (
					"$(inherited)",
					"@executable_path/Frameworks",
					"@loader_path/Frameworks",
				);
				MACH_O_TYPE = staticlib;
				OTHER_CFLAGS = "-fembed-bitcode";
				PRODUCT_BUNDLE_IDENTIFIER = com.thinkingdata.sdk.ThinkingSDK;
				PRODUCT_NAME = "$(TARGET_NAME:c99extidentifier)";
				PROVISIONING_PROFILE_SPECIFIER = "";
				SKIP_INSTALL = YES;
				TARGETED_DEVICE_FAMILY = "1,2";
			};
			name = Release;
		};
		F3D1902C230136B30043D595 /* Debug */ = {
			isa = XCBuildConfiguration;
			buildSettings = {
				CODE_SIGN_STYLE = Automatic;
				DEVELOPMENT_TEAM = SV8R54PUAN;
				FRAMEWORK_SEARCH_PATHS = (
					"$(inherited)",
					"$(PROJECT_DIR)/Example/ThinkingSDKDEMO",
				);
				HEADER_SEARCH_PATHS = "$(PROJECT_DIR)/ThinkingSDKTests/usr/include";
				INFOPLIST_FILE = ThinkingSDKTests/Info.plist;
				LD_RUNPATH_SEARCH_PATHS = (
					"$(inherited)",
					"@executable_path/Frameworks",
					"@loader_path/Frameworks",
				);
				LIBRARY_SEARCH_PATHS = (
					"$(inherited)",
					"$(PROJECT_DIR)/ThinkingSDKTests",
					"$(PROJECT_DIR)/ThinkingSDKTests/usr/lib",
				);
				OTHER_LDFLAGS = "-ObjC";
				PRODUCT_BUNDLE_IDENTIFIER = com.thinkingdata.sdk.ThinkingSDKTests;
				PRODUCT_NAME = "$(TARGET_NAME)";
				TARGETED_DEVICE_FAMILY = "1,2";
			};
			name = Debug;
		};
		F3D1902D230136B30043D595 /* Release */ = {
			isa = XCBuildConfiguration;
			buildSettings = {
				CODE_SIGN_STYLE = Automatic;
				DEVELOPMENT_TEAM = SV8R54PUAN;
				FRAMEWORK_SEARCH_PATHS = (
					"$(inherited)",
					"$(PROJECT_DIR)/Example/ThinkingSDKDEMO",
				);
				HEADER_SEARCH_PATHS = "$(PROJECT_DIR)/ThinkingSDKTests/usr/include";
				INFOPLIST_FILE = ThinkingSDKTests/Info.plist;
				LD_RUNPATH_SEARCH_PATHS = (
					"$(inherited)",
					"@executable_path/Frameworks",
					"@loader_path/Frameworks",
				);
				LIBRARY_SEARCH_PATHS = (
					"$(inherited)",
					"$(PROJECT_DIR)/ThinkingSDKTests",
					"$(PROJECT_DIR)/ThinkingSDKTests/usr/lib",
				);
				OTHER_LDFLAGS = "-ObjC";
				PRODUCT_BUNDLE_IDENTIFIER = com.thinkingdata.sdk.ThinkingSDKTests;
				PRODUCT_NAME = "$(TARGET_NAME)";
				TARGETED_DEVICE_FAMILY = "1,2";
			};
			name = Release;
		};
/* End XCBuildConfiguration section */

/* Begin XCConfigurationList section */
		F30FC01A23141D38003335F8 /* Build configuration list for PBXAggregateTarget "ThinkingSDK-Universal" */ = {
			isa = XCConfigurationList;
			buildConfigurations = (
				F30FC01823141D38003335F8 /* Debug */,
				F30FC01923141D38003335F8 /* Release */,
			);
			defaultConfigurationIsVisible = 0;
			defaultConfigurationName = Release;
		};
		F3D1900E230136B30043D595 /* Build configuration list for PBXProject "ThinkingSDK" */ = {
			isa = XCConfigurationList;
			buildConfigurations = (
				F3D19026230136B30043D595 /* Debug */,
				F3D19027230136B30043D595 /* Release */,
			);
			defaultConfigurationIsVisible = 0;
			defaultConfigurationName = Release;
		};
		F3D19028230136B30043D595 /* Build configuration list for PBXNativeTarget "ThinkingSDK" */ = {
			isa = XCConfigurationList;
			buildConfigurations = (
				F3D19029230136B30043D595 /* Debug */,
				F3D1902A230136B30043D595 /* Release */,
			);
			defaultConfigurationIsVisible = 0;
			defaultConfigurationName = Release;
		};
		F3D1902B230136B30043D595 /* Build configuration list for PBXNativeTarget "ThinkingSDKTests" */ = {
			isa = XCConfigurationList;
			buildConfigurations = (
				F3D1902C230136B30043D595 /* Debug */,
				F3D1902D230136B30043D595 /* Release */,
			);
			defaultConfigurationIsVisible = 0;
			defaultConfigurationName = Release;
		};
/* End XCConfigurationList section */
	};
	rootObject = F3D1900B230136B30043D595 /* Project object */;
}
