PODS:
  - MJExtension (3.4.1)
  - ThinkingSDK (2.8.4-beta.5):
    - ThinkingSDK/Main (= 2.8.4-beta.5)
  - ThinkingSDK/Main (2.8.4-beta.5):
    - ThinkingSDK/iOS
    - ThinkingSDK/OSX
  - ThinkingSDK/OSX (2.8.4-beta.5)

DEPENDENCIES:
  - MJExtension
  - ThinkingSDK (from `../../`)

SPEC REPOS:
  trunk:
    - MJExtension

EXTERNAL SOURCES:
  ThinkingSDK:
    :path: "../../"

SPEC CHECKSUMS:
  MJExtension: 21c5f6f8c4d5d8844b7ae8fbae08fed0b501f961
  ThinkingSDK: b799da977170d63822cd057fdb98be7fb4f79fb3

PODFILE CHECKSUM: 43f3ad08aa4cbdca74f067a65222230a82661270

COCOAPODS: 1.12.1
