// !$*UTF8*$!
{
	archiveVersion = 1;
	classes = {
	};
	objectVersion = 56;
	objects = {

/* Begin PBXAggregateTarget section */
		1DDAD74929B75F7C00BBF71B /* TEFocusSDK-uni */ = {
			isa = PBXAggregateTarget;
			buildConfigurationList = 1DDAD74C29B75F7C00BBF71B /* Build configuration list for PBXAggregateTarget "TEFocusSDK-uni" */;
			buildPhases = (
				1DDAD74F29B75F9300BBF71B /* ShellScript */,
			);
			dependencies = (
				1DDAD75129B82BEE00BBF71B /* PBXTargetDependency */,
			);
			name = "TEFocusSDK-uni";
			productName = "TEFocusSDK-uni";
		};
/* End PBXAggregateTarget section */

/* Begin PBXBuildFile section */
		1D208CC629B756C100025D34 /* TEFocusSDK.docc in Sources */ = {isa = PBXBuildFile; fileRef = 1D208CC529B756C100025D34 /* TEFocusSDK.docc */; };
		1D208CC729B756C100025D34 /* TEFocusSDK.h in Headers */ = {isa = PBXBuildFile; fileRef = 1D208CC429B756C100025D34 /* TEFocusSDK.h */; };
		1DDAD6C329B7594900BBF71B /* UIColor+TEHexColor.m in Sources */ = {isa = PBXBuildFile; fileRef = 1DDAD65F29B7594800BBF71B /* UIColor+TEHexColor.m */; };
		1DDAD6C429B7594900BBF71B /* TADisplayConfig.h in Headers */ = {isa = PBXBuildFile; fileRef = 1DDAD66029B7594900BBF71B /* TADisplayConfig.h */; settings = {ATTRIBUTES = (Public, ); }; };
		1DDAD6C529B7594900BBF71B /* TEShowDialog.h in Headers */ = {isa = PBXBuildFile; fileRef = 1DDAD66129B7594900BBF71B /* TEShowDialog.h */; };
		1DDAD6C629B7594900BBF71B /* TEViewNode.mm in Sources */ = {isa = PBXBuildFile; fileRef = 1DDAD66229B7594900BBF71B /* TEViewNode.mm */; };
		1DDAD6C729B7594900BBF71B /* ThinkingAnalyticsDisplayAPI.h in Headers */ = {isa = PBXBuildFile; fileRef = 1DDAD66329B7594900BBF71B /* ThinkingAnalyticsDisplayAPI.h */; settings = {ATTRIBUTES = (Public, ); }; };
		1DDAD6C829B7594900BBF71B /* TETempMode.h in Headers */ = {isa = PBXBuildFile; fileRef = 1DDAD66429B7594900BBF71B /* TETempMode.h */; };
		1DDAD6C929B7594900BBF71B /* TEFlexView.h in Headers */ = {isa = PBXBuildFile; fileRef = 1DDAD66529B7594900BBF71B /* TEFlexView.h */; };
		1DDAD6CA29B7594900BBF71B /* TEFocusViewController.mm in Sources */ = {isa = PBXBuildFile; fileRef = 1DDAD66629B7594900BBF71B /* TEFocusViewController.mm */; };
		1DDAD6CB29B7594900BBF71B /* TEMantleView.h in Headers */ = {isa = PBXBuildFile; fileRef = 1DDAD66729B7594900BBF71B /* TEMantleView.h */; };
		1DDAD6CC29B7594900BBF71B /* TENodeAttr.h in Headers */ = {isa = PBXBuildFile; fileRef = 1DDAD66829B7594900BBF71B /* TENodeAttr.h */; };
		1DDAD6CD29B7594900BBF71B /* TEShowDialog.m in Sources */ = {isa = PBXBuildFile; fileRef = 1DDAD66929B7594900BBF71B /* TEShowDialog.m */; };
		1DDAD6CE29B7594900BBF71B /* TADisplayConfig.m in Sources */ = {isa = PBXBuildFile; fileRef = 1DDAD66A29B7594900BBF71B /* TADisplayConfig.m */; };
		1DDAD6CF29B7594900BBF71B /* UIColor+TEHexColor.h in Headers */ = {isa = PBXBuildFile; fileRef = 1DDAD66B29B7594900BBF71B /* UIColor+TEHexColor.h */; };
		1DDAD6D029B7594900BBF71B /* TEFocusViewController.h in Headers */ = {isa = PBXBuildFile; fileRef = 1DDAD66C29B7594900BBF71B /* TEFocusViewController.h */; };
		1DDAD6D129B7594900BBF71B /* TEFlexView.m in Sources */ = {isa = PBXBuildFile; fileRef = 1DDAD66D29B7594900BBF71B /* TEFlexView.m */; };
		1DDAD6D229B7594900BBF71B /* ThinkingAnalyticsDisplayAPI.m in Sources */ = {isa = PBXBuildFile; fileRef = 1DDAD66E29B7594900BBF71B /* ThinkingAnalyticsDisplayAPI.m */; };
		1DDAD6D329B7594900BBF71B /* TETempMode.m in Sources */ = {isa = PBXBuildFile; fileRef = 1DDAD66F29B7594900BBF71B /* TETempMode.m */; };
		1DDAD6D429B7594900BBF71B /* TENodeAttr.m in Sources */ = {isa = PBXBuildFile; fileRef = 1DDAD67029B7594900BBF71B /* TENodeAttr.m */; };
		1DDAD6D529B7594900BBF71B /* TEMantleView.m in Sources */ = {isa = PBXBuildFile; fileRef = 1DDAD67129B7594900BBF71B /* TEMantleView.m */; };
		1DDAD6D629B7594900BBF71B /* TEViewNode.h in Headers */ = {isa = PBXBuildFile; fileRef = 1DDAD67229B7594900BBF71B /* TEViewNode.h */; };
		1DDAD6D729B7594900BBF71B /* TAYGNodePrint.cpp in Sources */ = {isa = PBXBuildFile; fileRef = 1DDAD67529B7594900BBF71B /* TAYGNodePrint.cpp */; };
		1DDAD6D829B7594900BBF71B /* TAYGConfig.cpp in Sources */ = {isa = PBXBuildFile; fileRef = 1DDAD67629B7594900BBF71B /* TAYGConfig.cpp */; };
		1DDAD6D929B7594900BBF71B /* TAlog.cpp in Sources */ = {isa = PBXBuildFile; fileRef = 1DDAD67729B7594900BBF71B /* TAlog.cpp */; };
		1DDAD6DA29B7594900BBF71B /* TAlog.h in Headers */ = {isa = PBXBuildFile; fileRef = 1DDAD67829B7594900BBF71B /* TAlog.h */; };
		1DDAD6DB29B7594900BBF71B /* TAYGLayout.h in Headers */ = {isa = PBXBuildFile; fileRef = 1DDAD67929B7594900BBF71B /* TAYGLayout.h */; };
		1DDAD6DC29B7594900BBF71B /* TAYGEnums.h in Headers */ = {isa = PBXBuildFile; fileRef = 1DDAD67A29B7594900BBF71B /* TAYGEnums.h */; };
		1DDAD6DD29B7594900BBF71B /* TAYGUtils.cpp in Sources */ = {isa = PBXBuildFile; fileRef = 1DDAD67B29B7594900BBF71B /* TAYGUtils.cpp */; };
		1DDAD6DE29B7594900BBF71B /* ta_experiments.cpp in Sources */ = {isa = PBXBuildFile; fileRef = 1DDAD67D29B7594900BBF71B /* ta_experiments.cpp */; };
		1DDAD6DF29B7594900BBF71B /* ta_experiments.h in Headers */ = {isa = PBXBuildFile; fileRef = 1DDAD67E29B7594900BBF71B /* ta_experiments.h */; };
		1DDAD6E029B7594900BBF71B /* ta_experiments-inl.h in Headers */ = {isa = PBXBuildFile; fileRef = 1DDAD67F29B7594900BBF71B /* ta_experiments-inl.h */; };
		1DDAD6E129B7594900BBF71B /* TAYGMacros.h in Headers */ = {isa = PBXBuildFile; fileRef = 1DDAD68029B7594900BBF71B /* TAYGMacros.h */; };
		1DDAD6E229B7594900BBF71B /* TAYGNode.h in Headers */ = {isa = PBXBuildFile; fileRef = 1DDAD68129B7594900BBF71B /* TAYGNode.h */; };
		1DDAD6E329B7594900BBF71B /* TAYGStyle.cpp in Sources */ = {isa = PBXBuildFile; fileRef = 1DDAD68229B7594900BBF71B /* TAYGStyle.cpp */; };
		1DDAD6E429B7594900BBF71B /* TAYoga-internal.h in Headers */ = {isa = PBXBuildFile; fileRef = 1DDAD68329B7594900BBF71B /* TAYoga-internal.h */; };
		1DDAD6E529B7594900BBF71B /* TAYoga.cpp in Sources */ = {isa = PBXBuildFile; fileRef = 1DDAD68429B7594900BBF71B /* TAYoga.cpp */; };
		1DDAD6E629B7594900BBF71B /* TAYGNode.cpp in Sources */ = {isa = PBXBuildFile; fileRef = 1DDAD68529B7594900BBF71B /* TAYGNode.cpp */; };
		1DDAD6E729B7594900BBF71B /* TAYGValue.h in Headers */ = {isa = PBXBuildFile; fileRef = 1DDAD68629B7594900BBF71B /* TAYGValue.h */; };
		1DDAD6E829B7594900BBF71B /* TAYGNodePrint.h in Headers */ = {isa = PBXBuildFile; fileRef = 1DDAD68729B7594900BBF71B /* TAYGNodePrint.h */; };
		1DDAD6E929B7594900BBF71B /* TAYoga.h in Headers */ = {isa = PBXBuildFile; fileRef = 1DDAD68829B7594900BBF71B /* TAYoga.h */; };
		1DDAD6EA29B7594900BBF71B /* TAYGEnums.cpp in Sources */ = {isa = PBXBuildFile; fileRef = 1DDAD68929B7594900BBF71B /* TAYGEnums.cpp */; };
		1DDAD6EB29B7594900BBF71B /* TACompactValue.h in Headers */ = {isa = PBXBuildFile; fileRef = 1DDAD68A29B7594900BBF71B /* TACompactValue.h */; };
		1DDAD6EC29B7594900BBF71B /* TAYGUtils.h in Headers */ = {isa = PBXBuildFile; fileRef = 1DDAD68B29B7594900BBF71B /* TAYGUtils.h */; };
		1DDAD6ED29B7594900BBF71B /* TAYGLayout.cpp in Sources */ = {isa = PBXBuildFile; fileRef = 1DDAD68C29B7594900BBF71B /* TAYGLayout.cpp */; };
		1DDAD6EE29B7594900BBF71B /* TAYGStyle.h in Headers */ = {isa = PBXBuildFile; fileRef = 1DDAD68D29B7594900BBF71B /* TAYGStyle.h */; };
		1DDAD6EF29B7594900BBF71B /* TAYGValue.cpp in Sources */ = {isa = PBXBuildFile; fileRef = 1DDAD68E29B7594900BBF71B /* TAYGValue.cpp */; };
		1DDAD6F029B7594900BBF71B /* tagyevent.cpp in Sources */ = {isa = PBXBuildFile; fileRef = 1DDAD69029B7594900BBF71B /* tagyevent.cpp */; };
		1DDAD6F129B7594900BBF71B /* tagyevent.h in Headers */ = {isa = PBXBuildFile; fileRef = 1DDAD69129B7594900BBF71B /* tagyevent.h */; };
		1DDAD6F229B7594900BBF71B /* TAYGFloatOptional.h in Headers */ = {isa = PBXBuildFile; fileRef = 1DDAD69229B7594900BBF71B /* TAYGFloatOptional.h */; };
		1DDAD6F329B7594900BBF71B /* TAYGConfig.h in Headers */ = {isa = PBXBuildFile; fileRef = 1DDAD69329B7594900BBF71B /* TAYGConfig.h */; };
		1DDAD6F429B7594900BBF71B /* TABitUtils.h in Headers */ = {isa = PBXBuildFile; fileRef = 1DDAD69429B7594900BBF71B /* TABitUtils.h */; };
		1DDAD6F529B7594900BBF71B /* TEImageCache.m in Sources */ = {isa = PBXBuildFile; fileRef = 1DDAD69629B7594900BBF71B /* TEImageCache.m */; };
		1DDAD6F629B7594900BBF71B /* TECache.h in Headers */ = {isa = PBXBuildFile; fileRef = 1DDAD69829B7594900BBF71B /* TECache.h */; };
		1DDAD6F729B7594900BBF71B /* TEDiskCache.h in Headers */ = {isa = PBXBuildFile; fileRef = 1DDAD69929B7594900BBF71B /* TEDiskCache.h */; };
		1DDAD6F829B7594900BBF71B /* TEKVStorage.m in Sources */ = {isa = PBXBuildFile; fileRef = 1DDAD69A29B7594900BBF71B /* TEKVStorage.m */; };
		1DDAD6F929B7594900BBF71B /* TEMemoryCache.m in Sources */ = {isa = PBXBuildFile; fileRef = 1DDAD69B29B7594900BBF71B /* TEMemoryCache.m */; };
		1DDAD6FA29B7594900BBF71B /* TECache.m in Sources */ = {isa = PBXBuildFile; fileRef = 1DDAD69C29B7594900BBF71B /* TECache.m */; };
		1DDAD6FB29B7594900BBF71B /* TEDiskCache.m in Sources */ = {isa = PBXBuildFile; fileRef = 1DDAD69D29B7594900BBF71B /* TEDiskCache.m */; };
		1DDAD6FC29B7594900BBF71B /* TEMemoryCache.h in Headers */ = {isa = PBXBuildFile; fileRef = 1DDAD69E29B7594900BBF71B /* TEMemoryCache.h */; };
		1DDAD6FD29B7594900BBF71B /* TEKVStorage.h in Headers */ = {isa = PBXBuildFile; fileRef = 1DDAD69F29B7594900BBF71B /* TEKVStorage.h */; };
		1DDAD6FE29B7594900BBF71B /* TEWebImageManager.m in Sources */ = {isa = PBXBuildFile; fileRef = 1DDAD6A029B7594900BBF71B /* TEWebImageManager.m */; };
		1DDAD6FF29B7594900BBF71B /* TEWebImage.h in Headers */ = {isa = PBXBuildFile; fileRef = 1DDAD6A129B7594900BBF71B /* TEWebImage.h */; };
		1DDAD70029B7594900BBF71B /* TEWebImageOperation.h in Headers */ = {isa = PBXBuildFile; fileRef = 1DDAD6A229B7594900BBF71B /* TEWebImageOperation.h */; };
		1DDAD70129B7594900BBF71B /* TESpriteSheetImage.m in Sources */ = {isa = PBXBuildFile; fileRef = 1DDAD6A429B7594900BBF71B /* TESpriteSheetImage.m */; };
		1DDAD70229B7594900BBF71B /* TEImage.m in Sources */ = {isa = PBXBuildFile; fileRef = 1DDAD6A529B7594900BBF71B /* TEImage.m */; };
		1DDAD70329B7594900BBF71B /* TEImageCoder.h in Headers */ = {isa = PBXBuildFile; fileRef = 1DDAD6A629B7594900BBF71B /* TEImageCoder.h */; };
		1DDAD70429B7594900BBF71B /* TEFrameImage.h in Headers */ = {isa = PBXBuildFile; fileRef = 1DDAD6A729B7594900BBF71B /* TEFrameImage.h */; };
		1DDAD70529B7594900BBF71B /* TEAnimatedImageView.h in Headers */ = {isa = PBXBuildFile; fileRef = 1DDAD6A829B7594900BBF71B /* TEAnimatedImageView.h */; };
		1DDAD70629B7594900BBF71B /* TEImageCoder.m in Sources */ = {isa = PBXBuildFile; fileRef = 1DDAD6A929B7594900BBF71B /* TEImageCoder.m */; };
		1DDAD70729B7594900BBF71B /* TEImage.h in Headers */ = {isa = PBXBuildFile; fileRef = 1DDAD6AA29B7594900BBF71B /* TEImage.h */; };
		1DDAD70829B7594900BBF71B /* TESpriteSheetImage.h in Headers */ = {isa = PBXBuildFile; fileRef = 1DDAD6AB29B7594900BBF71B /* TESpriteSheetImage.h */; };
		1DDAD70929B7594900BBF71B /* TEFrameImage.m in Sources */ = {isa = PBXBuildFile; fileRef = 1DDAD6AC29B7594900BBF71B /* TEFrameImage.m */; };
		1DDAD70A29B7594900BBF71B /* TEAnimatedImageView.m in Sources */ = {isa = PBXBuildFile; fileRef = 1DDAD6AD29B7594900BBF71B /* TEAnimatedImageView.m */; };
		1DDAD70B29B7594900BBF71B /* TEImageCache.h in Headers */ = {isa = PBXBuildFile; fileRef = 1DDAD6AE29B7594900BBF71B /* TEImageCache.h */; };
		1DDAD70C29B7594900BBF71B /* TEWebImageManager.h in Headers */ = {isa = PBXBuildFile; fileRef = 1DDAD6AF29B7594900BBF71B /* TEWebImageManager.h */; };
		1DDAD70D29B7594900BBF71B /* UIButton+TEWebImage.m in Sources */ = {isa = PBXBuildFile; fileRef = 1DDAD6B129B7594900BBF71B /* UIButton+TEWebImage.m */; };
		1DDAD70E29B7594900BBF71B /* CALayer+TEWebImage.m in Sources */ = {isa = PBXBuildFile; fileRef = 1DDAD6B229B7594900BBF71B /* CALayer+TEWebImage.m */; };
		1DDAD70F29B7594900BBF71B /* UIImage+TEWebImage.m in Sources */ = {isa = PBXBuildFile; fileRef = 1DDAD6B329B7594900BBF71B /* UIImage+TEWebImage.m */; };
		1DDAD71029B7594900BBF71B /* _TEWebImageSetter.h in Headers */ = {isa = PBXBuildFile; fileRef = 1DDAD6B429B7594900BBF71B /* _TEWebImageSetter.h */; };
		1DDAD71129B7594900BBF71B /* UIImageView+TEWebImage.m in Sources */ = {isa = PBXBuildFile; fileRef = 1DDAD6B529B7594900BBF71B /* UIImageView+TEWebImage.m */; };
		1DDAD71229B7594900BBF71B /* UIButton+TEWebImage.h in Headers */ = {isa = PBXBuildFile; fileRef = 1DDAD6B629B7594900BBF71B /* UIButton+TEWebImage.h */; };
		1DDAD71329B7594900BBF71B /* UIImage+TEWebImage.h in Headers */ = {isa = PBXBuildFile; fileRef = 1DDAD6B729B7594900BBF71B /* UIImage+TEWebImage.h */; };
		1DDAD71429B7594900BBF71B /* CALayer+TEWebImage.h in Headers */ = {isa = PBXBuildFile; fileRef = 1DDAD6B829B7594900BBF71B /* CALayer+TEWebImage.h */; };
		1DDAD71529B7594900BBF71B /* UIImageView+TEWebImage.h in Headers */ = {isa = PBXBuildFile; fileRef = 1DDAD6B929B7594900BBF71B /* UIImageView+TEWebImage.h */; };
		1DDAD71629B7594900BBF71B /* _TEWebImageSetter.m in Sources */ = {isa = PBXBuildFile; fileRef = 1DDAD6BA29B7594900BBF71B /* _TEWebImageSetter.m */; };
		1DDAD71729B7594900BBF71B /* TEWebImageOperation.m in Sources */ = {isa = PBXBuildFile; fileRef = 1DDAD6BB29B7594900BBF71B /* TEWebImageOperation.m */; };
		1DDAD71829B7594900BBF71B /* TAYGLayout.h in Headers */ = {isa = PBXBuildFile; fileRef = 1DDAD6BE29B7594900BBF71B /* TAYGLayout.h */; };
		1DDAD71929B7594900BBF71B /* TAYGLayout+Private.h in Headers */ = {isa = PBXBuildFile; fileRef = 1DDAD6BF29B7594900BBF71B /* TAYGLayout+Private.h */; };
		1DDAD71A29B7594900BBF71B /* UIView+TAYoga.m in Sources */ = {isa = PBXBuildFile; fileRef = 1DDAD6C029B7594900BBF71B /* UIView+TAYoga.m */; };
		1DDAD71B29B7594900BBF71B /* TAYGLayout.m in Sources */ = {isa = PBXBuildFile; fileRef = 1DDAD6C129B7594900BBF71B /* TAYGLayout.m */; };
		1DDAD71C29B7594900BBF71B /* UIView+TAYoga.h in Headers */ = {isa = PBXBuildFile; fileRef = 1DDAD6C229B7594900BBF71B /* UIView+TAYoga.h */; };
/* End PBXBuildFile section */

/* Begin PBXContainerItemProxy section */
		1DDAD75029B82BEE00BBF71B /* PBXContainerItemProxy */ = {
			isa = PBXContainerItemProxy;
			containerPortal = 1D208CB829B756C100025D34 /* Project object */;
			proxyType = 1;
			remoteGlobalIDString = 1D208CC029B756C100025D34;
			remoteInfo = TEFocusSDK;
		};
/* End PBXContainerItemProxy section */

/* Begin PBXFileReference section */
		1D208CC129B756C100025D34 /* TEFocusSDK.framework */ = {isa = PBXFileReference; explicitFileType = wrapper.framework; includeInIndex = 0; path = TEFocusSDK.framework; sourceTree = BUILT_PRODUCTS_DIR; };
		1D208CC429B756C100025D34 /* TEFocusSDK.h */ = {isa = PBXFileReference; lastKnownFileType = sourcecode.c.h; path = TEFocusSDK.h; sourceTree = "<group>"; };
		1D208CC529B756C100025D34 /* TEFocusSDK.docc */ = {isa = PBXFileReference; lastKnownFileType = folder.documentationcatalog; path = TEFocusSDK.docc; sourceTree = "<group>"; };
		1DDAD65F29B7594800BBF71B /* UIColor+TEHexColor.m */ = {isa = PBXFileReference; fileEncoding = 4; lastKnownFileType = sourcecode.c.objc; path = "UIColor+TEHexColor.m"; sourceTree = "<group>"; };
		1DDAD66029B7594900BBF71B /* TADisplayConfig.h */ = {isa = PBXFileReference; fileEncoding = 4; lastKnownFileType = sourcecode.c.h; path = TADisplayConfig.h; sourceTree = "<group>"; };
		1DDAD66129B7594900BBF71B /* TEShowDialog.h */ = {isa = PBXFileReference; fileEncoding = 4; lastKnownFileType = sourcecode.c.h; path = TEShowDialog.h; sourceTree = "<group>"; };
		1DDAD66229B7594900BBF71B /* TEViewNode.mm */ = {isa = PBXFileReference; fileEncoding = 4; lastKnownFileType = sourcecode.cpp.objcpp; path = TEViewNode.mm; sourceTree = "<group>"; };
		1DDAD66329B7594900BBF71B /* ThinkingAnalyticsDisplayAPI.h */ = {isa = PBXFileReference; fileEncoding = 4; lastKnownFileType = sourcecode.c.h; path = ThinkingAnalyticsDisplayAPI.h; sourceTree = "<group>"; };
		1DDAD66429B7594900BBF71B /* TETempMode.h */ = {isa = PBXFileReference; fileEncoding = 4; lastKnownFileType = sourcecode.c.h; path = TETempMode.h; sourceTree = "<group>"; };
		1DDAD66529B7594900BBF71B /* TEFlexView.h */ = {isa = PBXFileReference; fileEncoding = 4; lastKnownFileType = sourcecode.c.h; path = TEFlexView.h; sourceTree = "<group>"; };
		1DDAD66629B7594900BBF71B /* TEFocusViewController.mm */ = {isa = PBXFileReference; fileEncoding = 4; lastKnownFileType = sourcecode.cpp.objcpp; path = TEFocusViewController.mm; sourceTree = "<group>"; };
		1DDAD66729B7594900BBF71B /* TEMantleView.h */ = {isa = PBXFileReference; fileEncoding = 4; lastKnownFileType = sourcecode.c.h; path = TEMantleView.h; sourceTree = "<group>"; };
		1DDAD66829B7594900BBF71B /* TENodeAttr.h */ = {isa = PBXFileReference; fileEncoding = 4; lastKnownFileType = sourcecode.c.h; path = TENodeAttr.h; sourceTree = "<group>"; };
		1DDAD66929B7594900BBF71B /* TEShowDialog.m */ = {isa = PBXFileReference; fileEncoding = 4; lastKnownFileType = sourcecode.c.objc; path = TEShowDialog.m; sourceTree = "<group>"; };
		1DDAD66A29B7594900BBF71B /* TADisplayConfig.m */ = {isa = PBXFileReference; fileEncoding = 4; lastKnownFileType = sourcecode.c.objc; path = TADisplayConfig.m; sourceTree = "<group>"; };
		1DDAD66B29B7594900BBF71B /* UIColor+TEHexColor.h */ = {isa = PBXFileReference; fileEncoding = 4; lastKnownFileType = sourcecode.c.h; path = "UIColor+TEHexColor.h"; sourceTree = "<group>"; };
		1DDAD66C29B7594900BBF71B /* TEFocusViewController.h */ = {isa = PBXFileReference; fileEncoding = 4; lastKnownFileType = sourcecode.c.h; path = TEFocusViewController.h; sourceTree = "<group>"; };
		1DDAD66D29B7594900BBF71B /* TEFlexView.m */ = {isa = PBXFileReference; fileEncoding = 4; lastKnownFileType = sourcecode.c.objc; path = TEFlexView.m; sourceTree = "<group>"; };
		1DDAD66E29B7594900BBF71B /* ThinkingAnalyticsDisplayAPI.m */ = {isa = PBXFileReference; fileEncoding = 4; lastKnownFileType = sourcecode.c.objc; path = ThinkingAnalyticsDisplayAPI.m; sourceTree = "<group>"; };
		1DDAD66F29B7594900BBF71B /* TETempMode.m */ = {isa = PBXFileReference; fileEncoding = 4; lastKnownFileType = sourcecode.c.objc; path = TETempMode.m; sourceTree = "<group>"; };
		1DDAD67029B7594900BBF71B /* TENodeAttr.m */ = {isa = PBXFileReference; fileEncoding = 4; lastKnownFileType = sourcecode.c.objc; path = TENodeAttr.m; sourceTree = "<group>"; };
		1DDAD67129B7594900BBF71B /* TEMantleView.m */ = {isa = PBXFileReference; fileEncoding = 4; lastKnownFileType = sourcecode.c.objc; path = TEMantleView.m; sourceTree = "<group>"; };
		1DDAD67229B7594900BBF71B /* TEViewNode.h */ = {isa = PBXFileReference; fileEncoding = 4; lastKnownFileType = sourcecode.c.h; path = TEViewNode.h; sourceTree = "<group>"; };
		1DDAD67529B7594900BBF71B /* TAYGNodePrint.cpp */ = {isa = PBXFileReference; fileEncoding = 4; lastKnownFileType = sourcecode.cpp.cpp; path = TAYGNodePrint.cpp; sourceTree = "<group>"; };
		1DDAD67629B7594900BBF71B /* TAYGConfig.cpp */ = {isa = PBXFileReference; fileEncoding = 4; lastKnownFileType = sourcecode.cpp.cpp; path = TAYGConfig.cpp; sourceTree = "<group>"; };
		1DDAD67729B7594900BBF71B /* TAlog.cpp */ = {isa = PBXFileReference; fileEncoding = 4; lastKnownFileType = sourcecode.cpp.cpp; path = TAlog.cpp; sourceTree = "<group>"; };
		1DDAD67829B7594900BBF71B /* TAlog.h */ = {isa = PBXFileReference; fileEncoding = 4; lastKnownFileType = sourcecode.c.h; path = TAlog.h; sourceTree = "<group>"; };
		1DDAD67929B7594900BBF71B /* TAYGLayout.h */ = {isa = PBXFileReference; fileEncoding = 4; lastKnownFileType = sourcecode.c.h; path = TAYGLayout.h; sourceTree = "<group>"; };
		1DDAD67A29B7594900BBF71B /* TAYGEnums.h */ = {isa = PBXFileReference; fileEncoding = 4; lastKnownFileType = sourcecode.c.h; path = TAYGEnums.h; sourceTree = "<group>"; };
		1DDAD67B29B7594900BBF71B /* TAYGUtils.cpp */ = {isa = PBXFileReference; fileEncoding = 4; lastKnownFileType = sourcecode.cpp.cpp; path = TAYGUtils.cpp; sourceTree = "<group>"; };
		1DDAD67D29B7594900BBF71B /* ta_experiments.cpp */ = {isa = PBXFileReference; fileEncoding = 4; lastKnownFileType = sourcecode.cpp.cpp; path = ta_experiments.cpp; sourceTree = "<group>"; };
		1DDAD67E29B7594900BBF71B /* ta_experiments.h */ = {isa = PBXFileReference; fileEncoding = 4; lastKnownFileType = sourcecode.c.h; path = ta_experiments.h; sourceTree = "<group>"; };
		1DDAD67F29B7594900BBF71B /* ta_experiments-inl.h */ = {isa = PBXFileReference; fileEncoding = 4; lastKnownFileType = sourcecode.c.h; path = "ta_experiments-inl.h"; sourceTree = "<group>"; };
		1DDAD68029B7594900BBF71B /* TAYGMacros.h */ = {isa = PBXFileReference; fileEncoding = 4; lastKnownFileType = sourcecode.c.h; path = TAYGMacros.h; sourceTree = "<group>"; };
		1DDAD68129B7594900BBF71B /* TAYGNode.h */ = {isa = PBXFileReference; fileEncoding = 4; lastKnownFileType = sourcecode.c.h; path = TAYGNode.h; sourceTree = "<group>"; };
		1DDAD68229B7594900BBF71B /* TAYGStyle.cpp */ = {isa = PBXFileReference; fileEncoding = 4; lastKnownFileType = sourcecode.cpp.cpp; path = TAYGStyle.cpp; sourceTree = "<group>"; };
		1DDAD68329B7594900BBF71B /* TAYoga-internal.h */ = {isa = PBXFileReference; fileEncoding = 4; lastKnownFileType = sourcecode.c.h; path = "TAYoga-internal.h"; sourceTree = "<group>"; };
		1DDAD68429B7594900BBF71B /* TAYoga.cpp */ = {isa = PBXFileReference; fileEncoding = 4; lastKnownFileType = sourcecode.cpp.cpp; path = TAYoga.cpp; sourceTree = "<group>"; };
		1DDAD68529B7594900BBF71B /* TAYGNode.cpp */ = {isa = PBXFileReference; fileEncoding = 4; lastKnownFileType = sourcecode.cpp.cpp; path = TAYGNode.cpp; sourceTree = "<group>"; };
		1DDAD68629B7594900BBF71B /* TAYGValue.h */ = {isa = PBXFileReference; fileEncoding = 4; lastKnownFileType = sourcecode.c.h; path = TAYGValue.h; sourceTree = "<group>"; };
		1DDAD68729B7594900BBF71B /* TAYGNodePrint.h */ = {isa = PBXFileReference; fileEncoding = 4; lastKnownFileType = sourcecode.c.h; path = TAYGNodePrint.h; sourceTree = "<group>"; };
		1DDAD68829B7594900BBF71B /* TAYoga.h */ = {isa = PBXFileReference; fileEncoding = 4; lastKnownFileType = sourcecode.c.h; path = TAYoga.h; sourceTree = "<group>"; };
		1DDAD68929B7594900BBF71B /* TAYGEnums.cpp */ = {isa = PBXFileReference; fileEncoding = 4; lastKnownFileType = sourcecode.cpp.cpp; path = TAYGEnums.cpp; sourceTree = "<group>"; };
		1DDAD68A29B7594900BBF71B /* TACompactValue.h */ = {isa = PBXFileReference; fileEncoding = 4; lastKnownFileType = sourcecode.c.h; path = TACompactValue.h; sourceTree = "<group>"; };
		1DDAD68B29B7594900BBF71B /* TAYGUtils.h */ = {isa = PBXFileReference; fileEncoding = 4; lastKnownFileType = sourcecode.c.h; path = TAYGUtils.h; sourceTree = "<group>"; };
		1DDAD68C29B7594900BBF71B /* TAYGLayout.cpp */ = {isa = PBXFileReference; fileEncoding = 4; lastKnownFileType = sourcecode.cpp.cpp; path = TAYGLayout.cpp; sourceTree = "<group>"; };
		1DDAD68D29B7594900BBF71B /* TAYGStyle.h */ = {isa = PBXFileReference; fileEncoding = 4; lastKnownFileType = sourcecode.c.h; path = TAYGStyle.h; sourceTree = "<group>"; };
		1DDAD68E29B7594900BBF71B /* TAYGValue.cpp */ = {isa = PBXFileReference; fileEncoding = 4; lastKnownFileType = sourcecode.cpp.cpp; path = TAYGValue.cpp; sourceTree = "<group>"; };
		1DDAD69029B7594900BBF71B /* tagyevent.cpp */ = {isa = PBXFileReference; fileEncoding = 4; lastKnownFileType = sourcecode.cpp.cpp; path = tagyevent.cpp; sourceTree = "<group>"; };
		1DDAD69129B7594900BBF71B /* tagyevent.h */ = {isa = PBXFileReference; fileEncoding = 4; lastKnownFileType = sourcecode.c.h; path = tagyevent.h; sourceTree = "<group>"; };
		1DDAD69229B7594900BBF71B /* TAYGFloatOptional.h */ = {isa = PBXFileReference; fileEncoding = 4; lastKnownFileType = sourcecode.c.h; path = TAYGFloatOptional.h; sourceTree = "<group>"; };
		1DDAD69329B7594900BBF71B /* TAYGConfig.h */ = {isa = PBXFileReference; fileEncoding = 4; lastKnownFileType = sourcecode.c.h; path = TAYGConfig.h; sourceTree = "<group>"; };
		1DDAD69429B7594900BBF71B /* TABitUtils.h */ = {isa = PBXFileReference; fileEncoding = 4; lastKnownFileType = sourcecode.c.h; path = TABitUtils.h; sourceTree = "<group>"; };
		1DDAD69629B7594900BBF71B /* TEImageCache.m */ = {isa = PBXFileReference; fileEncoding = 4; lastKnownFileType = sourcecode.c.objc; path = TEImageCache.m; sourceTree = "<group>"; };
		1DDAD69829B7594900BBF71B /* TECache.h */ = {isa = PBXFileReference; fileEncoding = 4; lastKnownFileType = sourcecode.c.h; path = TECache.h; sourceTree = "<group>"; };
		1DDAD69929B7594900BBF71B /* TEDiskCache.h */ = {isa = PBXFileReference; fileEncoding = 4; lastKnownFileType = sourcecode.c.h; path = TEDiskCache.h; sourceTree = "<group>"; };
		1DDAD69A29B7594900BBF71B /* TEKVStorage.m */ = {isa = PBXFileReference; fileEncoding = 4; lastKnownFileType = sourcecode.c.objc; path = TEKVStorage.m; sourceTree = "<group>"; };
		1DDAD69B29B7594900BBF71B /* TEMemoryCache.m */ = {isa = PBXFileReference; fileEncoding = 4; lastKnownFileType = sourcecode.c.objc; path = TEMemoryCache.m; sourceTree = "<group>"; };
		1DDAD69C29B7594900BBF71B /* TECache.m */ = {isa = PBXFileReference; fileEncoding = 4; lastKnownFileType = sourcecode.c.objc; path = TECache.m; sourceTree = "<group>"; };
		1DDAD69D29B7594900BBF71B /* TEDiskCache.m */ = {isa = PBXFileReference; fileEncoding = 4; lastKnownFileType = sourcecode.c.objc; path = TEDiskCache.m; sourceTree = "<group>"; };
		1DDAD69E29B7594900BBF71B /* TEMemoryCache.h */ = {isa = PBXFileReference; fileEncoding = 4; lastKnownFileType = sourcecode.c.h; path = TEMemoryCache.h; sourceTree = "<group>"; };
		1DDAD69F29B7594900BBF71B /* TEKVStorage.h */ = {isa = PBXFileReference; fileEncoding = 4; lastKnownFileType = sourcecode.c.h; path = TEKVStorage.h; sourceTree = "<group>"; };
		1DDAD6A029B7594900BBF71B /* TEWebImageManager.m */ = {isa = PBXFileReference; fileEncoding = 4; lastKnownFileType = sourcecode.c.objc; path = TEWebImageManager.m; sourceTree = "<group>"; };
		1DDAD6A129B7594900BBF71B /* TEWebImage.h */ = {isa = PBXFileReference; fileEncoding = 4; lastKnownFileType = sourcecode.c.h; path = TEWebImage.h; sourceTree = "<group>"; };
		1DDAD6A229B7594900BBF71B /* TEWebImageOperation.h */ = {isa = PBXFileReference; fileEncoding = 4; lastKnownFileType = sourcecode.c.h; path = TEWebImageOperation.h; sourceTree = "<group>"; };
		1DDAD6A429B7594900BBF71B /* TESpriteSheetImage.m */ = {isa = PBXFileReference; fileEncoding = 4; lastKnownFileType = sourcecode.c.objc; path = TESpriteSheetImage.m; sourceTree = "<group>"; };
		1DDAD6A529B7594900BBF71B /* TEImage.m */ = {isa = PBXFileReference; fileEncoding = 4; lastKnownFileType = sourcecode.c.objc; path = TEImage.m; sourceTree = "<group>"; };
		1DDAD6A629B7594900BBF71B /* TEImageCoder.h */ = {isa = PBXFileReference; fileEncoding = 4; lastKnownFileType = sourcecode.c.h; path = TEImageCoder.h; sourceTree = "<group>"; };
		1DDAD6A729B7594900BBF71B /* TEFrameImage.h */ = {isa = PBXFileReference; fileEncoding = 4; lastKnownFileType = sourcecode.c.h; path = TEFrameImage.h; sourceTree = "<group>"; };
		1DDAD6A829B7594900BBF71B /* TEAnimatedImageView.h */ = {isa = PBXFileReference; fileEncoding = 4; lastKnownFileType = sourcecode.c.h; path = TEAnimatedImageView.h; sourceTree = "<group>"; };
		1DDAD6A929B7594900BBF71B /* TEImageCoder.m */ = {isa = PBXFileReference; fileEncoding = 4; lastKnownFileType = sourcecode.c.objc; path = TEImageCoder.m; sourceTree = "<group>"; };
		1DDAD6AA29B7594900BBF71B /* TEImage.h */ = {isa = PBXFileReference; fileEncoding = 4; lastKnownFileType = sourcecode.c.h; path = TEImage.h; sourceTree = "<group>"; };
		1DDAD6AB29B7594900BBF71B /* TESpriteSheetImage.h */ = {isa = PBXFileReference; fileEncoding = 4; lastKnownFileType = sourcecode.c.h; path = TESpriteSheetImage.h; sourceTree = "<group>"; };
		1DDAD6AC29B7594900BBF71B /* TEFrameImage.m */ = {isa = PBXFileReference; fileEncoding = 4; lastKnownFileType = sourcecode.c.objc; path = TEFrameImage.m; sourceTree = "<group>"; };
		1DDAD6AD29B7594900BBF71B /* TEAnimatedImageView.m */ = {isa = PBXFileReference; fileEncoding = 4; lastKnownFileType = sourcecode.c.objc; path = TEAnimatedImageView.m; sourceTree = "<group>"; };
		1DDAD6AE29B7594900BBF71B /* TEImageCache.h */ = {isa = PBXFileReference; fileEncoding = 4; lastKnownFileType = sourcecode.c.h; path = TEImageCache.h; sourceTree = "<group>"; };
		1DDAD6AF29B7594900BBF71B /* TEWebImageManager.h */ = {isa = PBXFileReference; fileEncoding = 4; lastKnownFileType = sourcecode.c.h; path = TEWebImageManager.h; sourceTree = "<group>"; };
		1DDAD6B129B7594900BBF71B /* UIButton+TEWebImage.m */ = {isa = PBXFileReference; fileEncoding = 4; lastKnownFileType = sourcecode.c.objc; path = "UIButton+TEWebImage.m"; sourceTree = "<group>"; };
		1DDAD6B229B7594900BBF71B /* CALayer+TEWebImage.m */ = {isa = PBXFileReference; fileEncoding = 4; lastKnownFileType = sourcecode.c.objc; path = "CALayer+TEWebImage.m"; sourceTree = "<group>"; };
		1DDAD6B329B7594900BBF71B /* UIImage+TEWebImage.m */ = {isa = PBXFileReference; fileEncoding = 4; lastKnownFileType = sourcecode.c.objc; path = "UIImage+TEWebImage.m"; sourceTree = "<group>"; };
		1DDAD6B429B7594900BBF71B /* _TEWebImageSetter.h */ = {isa = PBXFileReference; fileEncoding = 4; lastKnownFileType = sourcecode.c.h; path = _TEWebImageSetter.h; sourceTree = "<group>"; };
		1DDAD6B529B7594900BBF71B /* UIImageView+TEWebImage.m */ = {isa = PBXFileReference; fileEncoding = 4; lastKnownFileType = sourcecode.c.objc; path = "UIImageView+TEWebImage.m"; sourceTree = "<group>"; };
		1DDAD6B629B7594900BBF71B /* UIButton+TEWebImage.h */ = {isa = PBXFileReference; fileEncoding = 4; lastKnownFileType = sourcecode.c.h; path = "UIButton+TEWebImage.h"; sourceTree = "<group>"; };
		1DDAD6B729B7594900BBF71B /* UIImage+TEWebImage.h */ = {isa = PBXFileReference; fileEncoding = 4; lastKnownFileType = sourcecode.c.h; path = "UIImage+TEWebImage.h"; sourceTree = "<group>"; };
		1DDAD6B829B7594900BBF71B /* CALayer+TEWebImage.h */ = {isa = PBXFileReference; fileEncoding = 4; lastKnownFileType = sourcecode.c.h; path = "CALayer+TEWebImage.h"; sourceTree = "<group>"; };
		1DDAD6B929B7594900BBF71B /* UIImageView+TEWebImage.h */ = {isa = PBXFileReference; fileEncoding = 4; lastKnownFileType = sourcecode.c.h; path = "UIImageView+TEWebImage.h"; sourceTree = "<group>"; };
		1DDAD6BA29B7594900BBF71B /* _TEWebImageSetter.m */ = {isa = PBXFileReference; fileEncoding = 4; lastKnownFileType = sourcecode.c.objc; path = _TEWebImageSetter.m; sourceTree = "<group>"; };
		1DDAD6BB29B7594900BBF71B /* TEWebImageOperation.m */ = {isa = PBXFileReference; fileEncoding = 4; lastKnownFileType = sourcecode.c.objc; path = TEWebImageOperation.m; sourceTree = "<group>"; };
		1DDAD6BE29B7594900BBF71B /* TAYGLayout.h */ = {isa = PBXFileReference; fileEncoding = 4; lastKnownFileType = sourcecode.c.h; path = TAYGLayout.h; sourceTree = "<group>"; };
		1DDAD6BF29B7594900BBF71B /* TAYGLayout+Private.h */ = {isa = PBXFileReference; fileEncoding = 4; lastKnownFileType = sourcecode.c.h; path = "TAYGLayout+Private.h"; sourceTree = "<group>"; };
		1DDAD6C029B7594900BBF71B /* UIView+TAYoga.m */ = {isa = PBXFileReference; fileEncoding = 4; lastKnownFileType = sourcecode.c.objc; path = "UIView+TAYoga.m"; sourceTree = "<group>"; };
		1DDAD6C129B7594900BBF71B /* TAYGLayout.m */ = {isa = PBXFileReference; fileEncoding = 4; lastKnownFileType = sourcecode.c.objc; path = TAYGLayout.m; sourceTree = "<group>"; };
		1DDAD6C229B7594900BBF71B /* UIView+TAYoga.h */ = {isa = PBXFileReference; fileEncoding = 4; lastKnownFileType = sourcecode.c.h; path = "UIView+TAYoga.h"; sourceTree = "<group>"; };
/* End PBXFileReference section */

/* Begin PBXFrameworksBuildPhase section */
		1D208CBE29B756C100025D34 /* Frameworks */ = {
			isa = PBXFrameworksBuildPhase;
			buildActionMask = 2147483647;
			files = (
			);
			runOnlyForDeploymentPostprocessing = 0;
		};
/* End PBXFrameworksBuildPhase section */

/* Begin PBXGroup section */
		1D208CB729B756C100025D34 = {
			isa = PBXGroup;
			children = (
				1D208CC329B756C100025D34 /* TEFocusSDK */,
				1D208CC229B756C100025D34 /* Products */,
			);
			sourceTree = "<group>";
		};
		1D208CC229B756C100025D34 /* Products */ = {
			isa = PBXGroup;
			children = (
				1D208CC129B756C100025D34 /* TEFocusSDK.framework */,
			);
			name = Products;
			sourceTree = "<group>";
		};
		1D208CC329B756C100025D34 /* TEFocusSDK */ = {
			isa = PBXGroup;
			children = (
				1DDAD65D29B7594800BBF71B /* TEFocus */,
				1D208CC429B756C100025D34 /* TEFocusSDK.h */,
				1D208CC529B756C100025D34 /* TEFocusSDK.docc */,
			);
			path = TEFocusSDK;
			sourceTree = "<group>";
		};
		1DDAD65D29B7594800BBF71B /* TEFocus */ = {
			isa = PBXGroup;
			children = (
				1DDAD65E29B7594800BBF71B /* core */,
				1DDAD67329B7594900BBF71B /* libs */,
			);
			path = TEFocus;
			sourceTree = "<group>";
		};
		1DDAD65E29B7594800BBF71B /* core */ = {
			isa = PBXGroup;
			children = (
				1DDAD65F29B7594800BBF71B /* UIColor+TEHexColor.m */,
				1DDAD66029B7594900BBF71B /* TADisplayConfig.h */,
				1DDAD66129B7594900BBF71B /* TEShowDialog.h */,
				1DDAD66229B7594900BBF71B /* TEViewNode.mm */,
				1DDAD66329B7594900BBF71B /* ThinkingAnalyticsDisplayAPI.h */,
				1DDAD66429B7594900BBF71B /* TETempMode.h */,
				1DDAD66529B7594900BBF71B /* TEFlexView.h */,
				1DDAD66629B7594900BBF71B /* TEFocusViewController.mm */,
				1DDAD66729B7594900BBF71B /* TEMantleView.h */,
				1DDAD66829B7594900BBF71B /* TENodeAttr.h */,
				1DDAD66929B7594900BBF71B /* TEShowDialog.m */,
				1DDAD66A29B7594900BBF71B /* TADisplayConfig.m */,
				1DDAD66B29B7594900BBF71B /* UIColor+TEHexColor.h */,
				1DDAD66C29B7594900BBF71B /* TEFocusViewController.h */,
				1DDAD66D29B7594900BBF71B /* TEFlexView.m */,
				1DDAD66E29B7594900BBF71B /* ThinkingAnalyticsDisplayAPI.m */,
				1DDAD66F29B7594900BBF71B /* TETempMode.m */,
				1DDAD67029B7594900BBF71B /* TENodeAttr.m */,
				1DDAD67129B7594900BBF71B /* TEMantleView.m */,
				1DDAD67229B7594900BBF71B /* TEViewNode.h */,
			);
			path = core;
			sourceTree = "<group>";
		};
		1DDAD67329B7594900BBF71B /* libs */ = {
			isa = PBXGroup;
			children = (
				1DDAD67429B7594900BBF71B /* te_yoga */,
				1DDAD69529B7594900BBF71B /* TEWebImage */,
				1DDAD6BC29B7594900BBF71B /* iOS_YogaKit */,
			);
			path = libs;
			sourceTree = "<group>";
		};
		1DDAD67429B7594900BBF71B /* te_yoga */ = {
			isa = PBXGroup;
			children = (
				1DDAD67529B7594900BBF71B /* TAYGNodePrint.cpp */,
				1DDAD67629B7594900BBF71B /* TAYGConfig.cpp */,
				1DDAD67729B7594900BBF71B /* TAlog.cpp */,
				1DDAD67829B7594900BBF71B /* TAlog.h */,
				1DDAD67929B7594900BBF71B /* TAYGLayout.h */,
				1DDAD67A29B7594900BBF71B /* TAYGEnums.h */,
				1DDAD67B29B7594900BBF71B /* TAYGUtils.cpp */,
				1DDAD67C29B7594900BBF71B /* internal */,
				1DDAD68029B7594900BBF71B /* TAYGMacros.h */,
				1DDAD68129B7594900BBF71B /* TAYGNode.h */,
				1DDAD68229B7594900BBF71B /* TAYGStyle.cpp */,
				1DDAD68329B7594900BBF71B /* TAYoga-internal.h */,
				1DDAD68429B7594900BBF71B /* TAYoga.cpp */,
				1DDAD68529B7594900BBF71B /* TAYGNode.cpp */,
				1DDAD68629B7594900BBF71B /* TAYGValue.h */,
				1DDAD68729B7594900BBF71B /* TAYGNodePrint.h */,
				1DDAD68829B7594900BBF71B /* TAYoga.h */,
				1DDAD68929B7594900BBF71B /* TAYGEnums.cpp */,
				1DDAD68A29B7594900BBF71B /* TACompactValue.h */,
				1DDAD68B29B7594900BBF71B /* TAYGUtils.h */,
				1DDAD68C29B7594900BBF71B /* TAYGLayout.cpp */,
				1DDAD68D29B7594900BBF71B /* TAYGStyle.h */,
				1DDAD68E29B7594900BBF71B /* TAYGValue.cpp */,
				1DDAD68F29B7594900BBF71B /* event */,
				1DDAD69229B7594900BBF71B /* TAYGFloatOptional.h */,
				1DDAD69329B7594900BBF71B /* TAYGConfig.h */,
				1DDAD69429B7594900BBF71B /* TABitUtils.h */,
			);
			path = te_yoga;
			sourceTree = "<group>";
		};
		1DDAD67C29B7594900BBF71B /* internal */ = {
			isa = PBXGroup;
			children = (
				1DDAD67D29B7594900BBF71B /* ta_experiments.cpp */,
				1DDAD67E29B7594900BBF71B /* ta_experiments.h */,
				1DDAD67F29B7594900BBF71B /* ta_experiments-inl.h */,
			);
			path = internal;
			sourceTree = "<group>";
		};
		1DDAD68F29B7594900BBF71B /* event */ = {
			isa = PBXGroup;
			children = (
				1DDAD69029B7594900BBF71B /* tagyevent.cpp */,
				1DDAD69129B7594900BBF71B /* tagyevent.h */,
			);
			path = event;
			sourceTree = "<group>";
		};
		1DDAD69529B7594900BBF71B /* TEWebImage */ = {
			isa = PBXGroup;
			children = (
				1DDAD69629B7594900BBF71B /* TEImageCache.m */,
				1DDAD69729B7594900BBF71B /* Cache */,
				1DDAD6A029B7594900BBF71B /* TEWebImageManager.m */,
				1DDAD6A129B7594900BBF71B /* TEWebImage.h */,
				1DDAD6A229B7594900BBF71B /* TEWebImageOperation.h */,
				1DDAD6A329B7594900BBF71B /* Image */,
				1DDAD6AE29B7594900BBF71B /* TEImageCache.h */,
				1DDAD6AF29B7594900BBF71B /* TEWebImageManager.h */,
				1DDAD6B029B7594900BBF71B /* Categories */,
				1DDAD6BB29B7594900BBF71B /* TEWebImageOperation.m */,
			);
			path = TEWebImage;
			sourceTree = "<group>";
		};
		1DDAD69729B7594900BBF71B /* Cache */ = {
			isa = PBXGroup;
			children = (
				1DDAD69829B7594900BBF71B /* TECache.h */,
				1DDAD69929B7594900BBF71B /* TEDiskCache.h */,
				1DDAD69A29B7594900BBF71B /* TEKVStorage.m */,
				1DDAD69B29B7594900BBF71B /* TEMemoryCache.m */,
				1DDAD69C29B7594900BBF71B /* TECache.m */,
				1DDAD69D29B7594900BBF71B /* TEDiskCache.m */,
				1DDAD69E29B7594900BBF71B /* TEMemoryCache.h */,
				1DDAD69F29B7594900BBF71B /* TEKVStorage.h */,
			);
			path = Cache;
			sourceTree = "<group>";
		};
		1DDAD6A329B7594900BBF71B /* Image */ = {
			isa = PBXGroup;
			children = (
				1DDAD6A429B7594900BBF71B /* TESpriteSheetImage.m */,
				1DDAD6A529B7594900BBF71B /* TEImage.m */,
				1DDAD6A629B7594900BBF71B /* TEImageCoder.h */,
				1DDAD6A729B7594900BBF71B /* TEFrameImage.h */,
				1DDAD6A829B7594900BBF71B /* TEAnimatedImageView.h */,
				1DDAD6A929B7594900BBF71B /* TEImageCoder.m */,
				1DDAD6AA29B7594900BBF71B /* TEImage.h */,
				1DDAD6AB29B7594900BBF71B /* TESpriteSheetImage.h */,
				1DDAD6AC29B7594900BBF71B /* TEFrameImage.m */,
				1DDAD6AD29B7594900BBF71B /* TEAnimatedImageView.m */,
			);
			path = Image;
			sourceTree = "<group>";
		};
		1DDAD6B029B7594900BBF71B /* Categories */ = {
			isa = PBXGroup;
			children = (
				1DDAD6B129B7594900BBF71B /* UIButton+TEWebImage.m */,
				1DDAD6B229B7594900BBF71B /* CALayer+TEWebImage.m */,
				1DDAD6B329B7594900BBF71B /* UIImage+TEWebImage.m */,
				1DDAD6B429B7594900BBF71B /* _TEWebImageSetter.h */,
				1DDAD6B529B7594900BBF71B /* UIImageView+TEWebImage.m */,
				1DDAD6B629B7594900BBF71B /* UIButton+TEWebImage.h */,
				1DDAD6B729B7594900BBF71B /* UIImage+TEWebImage.h */,
				1DDAD6B829B7594900BBF71B /* CALayer+TEWebImage.h */,
				1DDAD6B929B7594900BBF71B /* UIImageView+TEWebImage.h */,
				1DDAD6BA29B7594900BBF71B /* _TEWebImageSetter.m */,
			);
			path = Categories;
			sourceTree = "<group>";
		};
		1DDAD6BC29B7594900BBF71B /* iOS_YogaKit */ = {
			isa = PBXGroup;
			children = (
				1DDAD6BD29B7594900BBF71B /* Source */,
			);
			path = iOS_YogaKit;
			sourceTree = "<group>";
		};
		1DDAD6BD29B7594900BBF71B /* Source */ = {
			isa = PBXGroup;
			children = (
				1DDAD6BE29B7594900BBF71B /* TAYGLayout.h */,
				1DDAD6BF29B7594900BBF71B /* TAYGLayout+Private.h */,
				1DDAD6C029B7594900BBF71B /* UIView+TAYoga.m */,
				1DDAD6C129B7594900BBF71B /* TAYGLayout.m */,
				1DDAD6C229B7594900BBF71B /* UIView+TAYoga.h */,
			);
			path = Source;
			sourceTree = "<group>";
		};
/* End PBXGroup section */

/* Begin PBXHeadersBuildPhase section */
		1D208CBC29B756C100025D34 /* Headers */ = {
			isa = PBXHeadersBuildPhase;
			buildActionMask = 2147483647;
			files = (
				1DDAD6C429B7594900BBF71B /* TADisplayConfig.h in Headers */,
				1DDAD6C729B7594900BBF71B /* ThinkingAnalyticsDisplayAPI.h in Headers */,
				1DDAD6F429B7594900BBF71B /* TABitUtils.h in Headers */,
				1DDAD6EE29B7594900BBF71B /* TAYGStyle.h in Headers */,
				1DDAD6DA29B7594900BBF71B /* TAlog.h in Headers */,
				1DDAD6E029B7594900BBF71B /* ta_experiments-inl.h in Headers */,
				1DDAD6D629B7594900BBF71B /* TEViewNode.h in Headers */,
				1DDAD6C929B7594900BBF71B /* TEFlexView.h in Headers */,
				1DDAD70729B7594900BBF71B /* TEImage.h in Headers */,
				1DDAD71929B7594900BBF71B /* TAYGLayout+Private.h in Headers */,
				1DDAD6E829B7594900BBF71B /* TAYGNodePrint.h in Headers */,
				1DDAD6E429B7594900BBF71B /* TAYoga-internal.h in Headers */,
				1DDAD6EC29B7594900BBF71B /* TAYGUtils.h in Headers */,
				1DDAD6F629B7594900BBF71B /* TECache.h in Headers */,
				1DDAD71429B7594900BBF71B /* CALayer+TEWebImage.h in Headers */,
				1DDAD6FC29B7594900BBF71B /* TEMemoryCache.h in Headers */,
				1DDAD71329B7594900BBF71B /* UIImage+TEWebImage.h in Headers */,
				1DDAD6DB29B7594900BBF71B /* TAYGLayout.h in Headers */,
				1DDAD70C29B7594900BBF71B /* TEWebImageManager.h in Headers */,
				1DDAD70429B7594900BBF71B /* TEFrameImage.h in Headers */,
				1DDAD71029B7594900BBF71B /* _TEWebImageSetter.h in Headers */,
				1DDAD70329B7594900BBF71B /* TEImageCoder.h in Headers */,
				1DDAD6E729B7594900BBF71B /* TAYGValue.h in Headers */,
				1DDAD71829B7594900BBF71B /* TAYGLayout.h in Headers */,
				1DDAD6E129B7594900BBF71B /* TAYGMacros.h in Headers */,
				1DDAD6F729B7594900BBF71B /* TEDiskCache.h in Headers */,
				1DDAD6FF29B7594900BBF71B /* TEWebImage.h in Headers */,
				1DDAD70529B7594900BBF71B /* TEAnimatedImageView.h in Headers */,
				1DDAD6F229B7594900BBF71B /* TAYGFloatOptional.h in Headers */,
				1DDAD70B29B7594900BBF71B /* TEImageCache.h in Headers */,
				1DDAD6F129B7594900BBF71B /* tagyevent.h in Headers */,
				1DDAD6C529B7594900BBF71B /* TEShowDialog.h in Headers */,
				1DDAD6FD29B7594900BBF71B /* TEKVStorage.h in Headers */,
				1DDAD6D029B7594900BBF71B /* TEFocusViewController.h in Headers */,
				1DDAD71529B7594900BBF71B /* UIImageView+TEWebImage.h in Headers */,
				1D208CC729B756C100025D34 /* TEFocusSDK.h in Headers */,
				1DDAD6CC29B7594900BBF71B /* TENodeAttr.h in Headers */,
				1DDAD70029B7594900BBF71B /* TEWebImageOperation.h in Headers */,
				1DDAD6E229B7594900BBF71B /* TAYGNode.h in Headers */,
				1DDAD71C29B7594900BBF71B /* UIView+TAYoga.h in Headers */,
				1DDAD6CF29B7594900BBF71B /* UIColor+TEHexColor.h in Headers */,
				1DDAD71229B7594900BBF71B /* UIButton+TEWebImage.h in Headers */,
				1DDAD6C829B7594900BBF71B /* TETempMode.h in Headers */,
				1DDAD6DC29B7594900BBF71B /* TAYGEnums.h in Headers */,
				1DDAD6EB29B7594900BBF71B /* TACompactValue.h in Headers */,
				1DDAD6E929B7594900BBF71B /* TAYoga.h in Headers */,
				1DDAD6F329B7594900BBF71B /* TAYGConfig.h in Headers */,
				1DDAD6DF29B7594900BBF71B /* ta_experiments.h in Headers */,
				1DDAD70829B7594900BBF71B /* TESpriteSheetImage.h in Headers */,
				1DDAD6CB29B7594900BBF71B /* TEMantleView.h in Headers */,
			);
			runOnlyForDeploymentPostprocessing = 0;
		};
/* End PBXHeadersBuildPhase section */

/* Begin PBXNativeTarget section */
		1D208CC029B756C100025D34 /* TEFocusSDK */ = {
			isa = PBXNativeTarget;
			buildConfigurationList = 1D208CCA29B756C100025D34 /* Build configuration list for PBXNativeTarget "TEFocusSDK" */;
			buildPhases = (
				1D208CBC29B756C100025D34 /* Headers */,
				1D208CBD29B756C100025D34 /* Sources */,
				1D208CBE29B756C100025D34 /* Frameworks */,
				1D208CBF29B756C100025D34 /* Resources */,
			);
			buildRules = (
			);
			dependencies = (
			);
			name = TEFocusSDK;
			productName = TEFocusSDK;
			productReference = 1D208CC129B756C100025D34 /* TEFocusSDK.framework */;
			productType = "com.apple.product-type.framework";
		};
/* End PBXNativeTarget section */

/* Begin PBXProject section */
		1D208CB829B756C100025D34 /* Project object */ = {
			isa = PBXProject;
			attributes = {
				BuildIndependentTargetsInParallel = 1;
				LastUpgradeCheck = 1410;
				TargetAttributes = {
					1D208CC029B756C100025D34 = {
						CreatedOnToolsVersion = 14.1;
					};
					1DDAD74929B75F7C00BBF71B = {
						CreatedOnToolsVersion = 14.1;
					};
				};
			};
			buildConfigurationList = 1D208CBB29B756C100025D34 /* Build configuration list for PBXProject "TEFocusSDK" */;
			compatibilityVersion = "Xcode 14.0";
			developmentRegion = en;
			hasScannedForEncodings = 0;
			knownRegions = (
				en,
				Base,
			);
			mainGroup = 1D208CB729B756C100025D34;
			productRefGroup = 1D208CB729B756C100025D34;
			projectDirPath = "";
			projectRoot = "";
			targets = (
				1D208CC029B756C100025D34 /* TEFocusSDK */,
				1DDAD74929B75F7C00BBF71B /* TEFocusSDK-uni */,
			);
		};
/* End PBXProject section */

/* Begin PBXResourcesBuildPhase section */
		1D208CBF29B756C100025D34 /* Resources */ = {
			isa = PBXResourcesBuildPhase;
			buildActionMask = 2147483647;
			files = (
			);
			runOnlyForDeploymentPostprocessing = 0;
		};
/* End PBXResourcesBuildPhase section */

/* Begin PBXShellScriptBuildPhase section */
		1DDAD74F29B75F9300BBF71B /* ShellScript */ = {
			isa = PBXShellScriptBuildPhase;
			buildActionMask = 2147483647;
			files = (
			);
			inputFileListPaths = (
			);
			inputPaths = (
			);
			outputFileListPaths = (
			);
			outputPaths = (
			);
			runOnlyForDeploymentPostprocessing = 0;
			shellPath = /bin/sh;
			shellScript = "# Type a script or drag a script file from your workspace to insert its path.\n# Type a script or drag a script file from your workspace to insert its path.\n# Type a script or drag a script file from your workspace to insert its path.\nset -e\n\nif [ -n \"$TD_MULTIPLATFORM_BUILD_IN_PROGRESS\" ]; then\nexit 0\nfi\nexport TD_MULTIPLATFORM_BUILD_IN_PROGRESS=1\n\nUNIVERSAL_BUILD_FOLDER=./build/\nmkdir -p \"${UNIVERSAL_BUILD_FOLDER}\"\nrm -rf \"${UNIVERSAL_BUILD_FOLDER}/${PROJECT_NAME}.framework\"\n\nTARGET=${TARGET_NAME%-uni}\n\nxcodebuild -target \"${TARGET}\" ONLY_ACTIVE_ARCH=NO -configuration \"${CONFIGURATION}\" -sdk iphoneos BUILD_DIR=\"${BUILD_DIR}\" BUILD_ROOT=\"${BUILD_ROOT}\"\nxcodebuild -target \"${TARGET}\" ONLY_ACTIVE_ARCH=NO -configuration \"${CONFIGURATION}\" -sdk iphonesimulator BUILD_DIR=\"${BUILD_DIR}\" BUILD_ROOT=\"${BUILD_ROOT}\"\n\ncp -R \"${BUILD_DIR}/${CONFIGURATION}-iphoneos/${PROJECT_NAME}.framework\" \"${UNIVERSAL_BUILD_FOLDER}/\"\n\nlipo -remove arm64 \"${BUILD_DIR}/${CONFIGURATION}-iphonesimulator/${PROJECT_NAME}.framework/${PROJECT_NAME}\" -o \"${BUILD_DIR}/${CONFIGURATION}-iphonesimulator/${PROJECT_NAME}.framework/${PROJECT_NAME}\"\n\nlipo -create -output \"${UNIVERSAL_BUILD_FOLDER}/${PROJECT_NAME}.framework/${PROJECT_NAME}\" \"${BUILD_DIR}/${CONFIGURATION}-iphonesimulator/${PROJECT_NAME}.framework/${PROJECT_NAME}\" \"${BUILD_DIR}/${CONFIGURATION}-iphoneos/${PROJECT_NAME}.framework/${PROJECT_NAME}\"\n\nRESOURCES_INPUT_FOLDER=\"./ThinkingSDK/TDAnalyticsSDK.bundle\"\nif [ -d \"${RESOURCES_INPUT_FOLDER}\" ]; then\nRESOURCES_OUTPUT_FOLDER=\"${UNIVERSAL_BUILD_FOLDER}/ThinkingSDK.framework/TDAnalyticsSDK.bundle\"\nrm -rf \"${RESOURCES_OUTPUT_FOLDER}\"\ncp -R \"${RESOURCES_INPUT_FOLDER}\" \"${RESOURCES_OUTPUT_FOLDER}\"\nfi\n\nopen \"${UNIVERSAL_BUILD_FOLDER}\"\n";
		};
/* End PBXShellScriptBuildPhase section */

/* Begin PBXSourcesBuildPhase section */
		1D208CBD29B756C100025D34 /* Sources */ = {
			isa = PBXSourcesBuildPhase;
			buildActionMask = 2147483647;
			files = (
				1DDAD6FE29B7594900BBF71B /* TEWebImageManager.m in Sources */,
				1DDAD71629B7594900BBF71B /* _TEWebImageSetter.m in Sources */,
				1DDAD6F929B7594900BBF71B /* TEMemoryCache.m in Sources */,
				1DDAD6CA29B7594900BBF71B /* TEFocusViewController.mm in Sources */,
				1DDAD70129B7594900BBF71B /* TESpriteSheetImage.m in Sources */,
				1DDAD6F829B7594900BBF71B /* TEKVStorage.m in Sources */,
				1DDAD6D129B7594900BBF71B /* TEFlexView.m in Sources */,
				1DDAD70A29B7594900BBF71B /* TEAnimatedImageView.m in Sources */,
				1DDAD70D29B7594900BBF71B /* UIButton+TEWebImage.m in Sources */,
				1DDAD6C329B7594900BBF71B /* UIColor+TEHexColor.m in Sources */,
				1DDAD71B29B7594900BBF71B /* TAYGLayout.m in Sources */,
				1DDAD6D529B7594900BBF71B /* TEMantleView.m in Sources */,
				1DDAD6EF29B7594900BBF71B /* TAYGValue.cpp in Sources */,
				1DDAD6CD29B7594900BBF71B /* TEShowDialog.m in Sources */,
				1DDAD71129B7594900BBF71B /* UIImageView+TEWebImage.m in Sources */,
				1DDAD6FB29B7594900BBF71B /* TEDiskCache.m in Sources */,
				1DDAD6D829B7594900BBF71B /* TAYGConfig.cpp in Sources */,
				1DDAD6D229B7594900BBF71B /* ThinkingAnalyticsDisplayAPI.m in Sources */,
				1DDAD70229B7594900BBF71B /* TEImage.m in Sources */,
				1DDAD6D729B7594900BBF71B /* TAYGNodePrint.cpp in Sources */,
				1DDAD71729B7594900BBF71B /* TEWebImageOperation.m in Sources */,
				1DDAD6E529B7594900BBF71B /* TAYoga.cpp in Sources */,
				1DDAD6CE29B7594900BBF71B /* TADisplayConfig.m in Sources */,
				1DDAD70929B7594900BBF71B /* TEFrameImage.m in Sources */,
				1DDAD6DD29B7594900BBF71B /* TAYGUtils.cpp in Sources */,
				1DDAD70629B7594900BBF71B /* TEImageCoder.m in Sources */,
				1DDAD6C629B7594900BBF71B /* TEViewNode.mm in Sources */,
				1DDAD70F29B7594900BBF71B /* UIImage+TEWebImage.m in Sources */,
				1DDAD6DE29B7594900BBF71B /* ta_experiments.cpp in Sources */,
				1DDAD6D429B7594900BBF71B /* TENodeAttr.m in Sources */,
				1DDAD6F029B7594900BBF71B /* tagyevent.cpp in Sources */,
				1DDAD6E629B7594900BBF71B /* TAYGNode.cpp in Sources */,
				1DDAD6F529B7594900BBF71B /* TEImageCache.m in Sources */,
				1DDAD6EA29B7594900BBF71B /* TAYGEnums.cpp in Sources */,
				1DDAD6D929B7594900BBF71B /* TAlog.cpp in Sources */,
				1DDAD71A29B7594900BBF71B /* UIView+TAYoga.m in Sources */,
				1DDAD6FA29B7594900BBF71B /* TECache.m in Sources */,
				1DDAD6D329B7594900BBF71B /* TETempMode.m in Sources */,
				1DDAD6ED29B7594900BBF71B /* TAYGLayout.cpp in Sources */,
				1DDAD70E29B7594900BBF71B /* CALayer+TEWebImage.m in Sources */,
				1DDAD6E329B7594900BBF71B /* TAYGStyle.cpp in Sources */,
				1D208CC629B756C100025D34 /* TEFocusSDK.docc in Sources */,
			);
			runOnlyForDeploymentPostprocessing = 0;
		};
/* End PBXSourcesBuildPhase section */

/* Begin PBXTargetDependency section */
		1DDAD75129B82BEE00BBF71B /* PBXTargetDependency */ = {
			isa = PBXTargetDependency;
			target = 1D208CC029B756C100025D34 /* TEFocusSDK */;
			targetProxy = 1DDAD75029B82BEE00BBF71B /* PBXContainerItemProxy */;
		};
/* End PBXTargetDependency section */

/* Begin XCBuildConfiguration section */
		1D208CC829B756C100025D34 /* Debug */ = {
			isa = XCBuildConfiguration;
			buildSettings = {
				ALWAYS_SEARCH_USER_PATHS = NO;
				CLANG_ANALYZER_NONNULL = YES;
				CLANG_ANALYZER_NUMBER_OBJECT_CONVERSION = YES_AGGRESSIVE;
				CLANG_CXX_LANGUAGE_STANDARD = "gnu++20";
				CLANG_ENABLE_MODULES = YES;
				CLANG_ENABLE_OBJC_ARC = YES;
				CLANG_ENABLE_OBJC_WEAK = YES;
				CLANG_WARN_BLOCK_CAPTURE_AUTORELEASING = YES;
				CLANG_WARN_BOOL_CONVERSION = YES;
				CLANG_WARN_COMMA = YES;
				CLANG_WARN_CONSTANT_CONVERSION = YES;
				CLANG_WARN_DEPRECATED_OBJC_IMPLEMENTATIONS = YES;
				CLANG_WARN_DIRECT_OBJC_ISA_USAGE = YES_ERROR;
				CLANG_WARN_DOCUMENTATION_COMMENTS = YES;
				CLANG_WARN_EMPTY_BODY = YES;
				CLANG_WARN_ENUM_CONVERSION = YES;
				CLANG_WARN_INFINITE_RECURSION = YES;
				CLANG_WARN_INT_CONVERSION = YES;
				CLANG_WARN_NON_LITERAL_NULL_CONVERSION = YES;
				CLANG_WARN_OBJC_IMPLICIT_RETAIN_SELF = YES;
				CLANG_WARN_OBJC_LITERAL_CONVERSION = YES;
				CLANG_WARN_OBJC_ROOT_CLASS = YES_ERROR;
				CLANG_WARN_QUOTED_INCLUDE_IN_FRAMEWORK_HEADER = YES;
				CLANG_WARN_RANGE_LOOP_ANALYSIS = YES;
				CLANG_WARN_STRICT_PROTOTYPES = YES;
				CLANG_WARN_SUSPICIOUS_MOVE = YES;
				CLANG_WARN_UNGUARDED_AVAILABILITY = YES_AGGRESSIVE;
				CLANG_WARN_UNREACHABLE_CODE = YES;
				CLANG_WARN__DUPLICATE_METHOD_MATCH = YES;
				COPY_PHASE_STRIP = NO;
				CURRENT_PROJECT_VERSION = 1;
				DEBUG_INFORMATION_FORMAT = dwarf;
				ENABLE_STRICT_OBJC_MSGSEND = YES;
				ENABLE_TESTABILITY = YES;
				GCC_C_LANGUAGE_STANDARD = gnu11;
				GCC_DYNAMIC_NO_PIC = NO;
				GCC_NO_COMMON_BLOCKS = YES;
				GCC_OPTIMIZATION_LEVEL = 0;
				GCC_PREPROCESSOR_DEFINITIONS = (
					"DEBUG=1",
					"$(inherited)",
				);
				GCC_WARN_64_TO_32_BIT_CONVERSION = YES;
				GCC_WARN_ABOUT_RETURN_TYPE = YES_ERROR;
				GCC_WARN_UNDECLARED_SELECTOR = YES;
				GCC_WARN_UNINITIALIZED_AUTOS = YES_AGGRESSIVE;
				GCC_WARN_UNUSED_FUNCTION = YES;
				GCC_WARN_UNUSED_VARIABLE = YES;
				IPHONEOS_DEPLOYMENT_TARGET = 16.1;
				MTL_ENABLE_DEBUG_INFO = INCLUDE_SOURCE;
				MTL_FAST_MATH = YES;
				ONLY_ACTIVE_ARCH = YES;
				SDKROOT = iphoneos;
				VERSIONING_SYSTEM = "apple-generic";
				VERSION_INFO_PREFIX = "";
			};
			name = Debug;
		};
		1D208CC929B756C100025D34 /* Release */ = {
			isa = XCBuildConfiguration;
			buildSettings = {
				ALWAYS_SEARCH_USER_PATHS = NO;
				CLANG_ANALYZER_NONNULL = YES;
				CLANG_ANALYZER_NUMBER_OBJECT_CONVERSION = YES_AGGRESSIVE;
				CLANG_CXX_LANGUAGE_STANDARD = "gnu++20";
				CLANG_ENABLE_MODULES = YES;
				CLANG_ENABLE_OBJC_ARC = YES;
				CLANG_ENABLE_OBJC_WEAK = YES;
				CLANG_WARN_BLOCK_CAPTURE_AUTORELEASING = YES;
				CLANG_WARN_BOOL_CONVERSION = YES;
				CLANG_WARN_COMMA = YES;
				CLANG_WARN_CONSTANT_CONVERSION = YES;
				CLANG_WARN_DEPRECATED_OBJC_IMPLEMENTATIONS = YES;
				CLANG_WARN_DIRECT_OBJC_ISA_USAGE = YES_ERROR;
				CLANG_WARN_DOCUMENTATION_COMMENTS = YES;
				CLANG_WARN_EMPTY_BODY = YES;
				CLANG_WARN_ENUM_CONVERSION = YES;
				CLANG_WARN_INFINITE_RECURSION = YES;
				CLANG_WARN_INT_CONVERSION = YES;
				CLANG_WARN_NON_LITERAL_NULL_CONVERSION = YES;
				CLANG_WARN_OBJC_IMPLICIT_RETAIN_SELF = YES;
				CLANG_WARN_OBJC_LITERAL_CONVERSION = YES;
				CLANG_WARN_OBJC_ROOT_CLASS = YES_ERROR;
				CLANG_WARN_QUOTED_INCLUDE_IN_FRAMEWORK_HEADER = YES;
				CLANG_WARN_RANGE_LOOP_ANALYSIS = YES;
				CLANG_WARN_STRICT_PROTOTYPES = YES;
				CLANG_WARN_SUSPICIOUS_MOVE = YES;
				CLANG_WARN_UNGUARDED_AVAILABILITY = YES_AGGRESSIVE;
				CLANG_WARN_UNREACHABLE_CODE = YES;
				CLANG_WARN__DUPLICATE_METHOD_MATCH = YES;
				COPY_PHASE_STRIP = NO;
				CURRENT_PROJECT_VERSION = 1;
				DEBUG_INFORMATION_FORMAT = "dwarf-with-dsym";
				ENABLE_NS_ASSERTIONS = NO;
				ENABLE_STRICT_OBJC_MSGSEND = YES;
				GCC_C_LANGUAGE_STANDARD = gnu11;
				GCC_NO_COMMON_BLOCKS = YES;
				GCC_WARN_64_TO_32_BIT_CONVERSION = YES;
				GCC_WARN_ABOUT_RETURN_TYPE = YES_ERROR;
				GCC_WARN_UNDECLARED_SELECTOR = YES;
				GCC_WARN_UNINITIALIZED_AUTOS = YES_AGGRESSIVE;
				GCC_WARN_UNUSED_FUNCTION = YES;
				GCC_WARN_UNUSED_VARIABLE = YES;
				IPHONEOS_DEPLOYMENT_TARGET = 16.1;
				MTL_ENABLE_DEBUG_INFO = NO;
				MTL_FAST_MATH = YES;
				SDKROOT = iphoneos;
				VALIDATE_PRODUCT = YES;
				VERSIONING_SYSTEM = "apple-generic";
				VERSION_INFO_PREFIX = "";
			};
			name = Release;
		};
		1D208CCB29B756C100025D34 /* Debug */ = {
			isa = XCBuildConfiguration;
			buildSettings = {
				CODE_SIGN_STYLE = Automatic;
				CURRENT_PROJECT_VERSION = 1;
				DEFINES_MODULE = YES;
				DEVELOPMENT_TEAM = TXK3J8QHU9;
				DYLIB_COMPATIBILITY_VERSION = 1;
				DYLIB_CURRENT_VERSION = 1;
				DYLIB_INSTALL_NAME_BASE = "@rpath";
				GENERATE_INFOPLIST_FILE = YES;
				INFOPLIST_KEY_NSHumanReadableCopyright = "";
				INSTALL_PATH = "$(LOCAL_LIBRARY_DIR)/Frameworks";
				LD_RUNPATH_SEARCH_PATHS = (
					"$(inherited)",
					"@executable_path/Frameworks",
					"@loader_path/Frameworks",
				);
				MACH_O_TYPE = staticlib;
				MARKETING_VERSION = 1.0;
				PRODUCT_BUNDLE_IDENTIFIER = ta.TEFocusSDK;
				PRODUCT_NAME = "$(TARGET_NAME:c99extidentifier)";
				SKIP_INSTALL = YES;
				SWIFT_EMIT_LOC_STRINGS = YES;
				TARGETED_DEVICE_FAMILY = "1,2";
			};
			name = Debug;
		};
		1D208CCC29B756C100025D34 /* Release */ = {
			isa = XCBuildConfiguration;
			buildSettings = {
				CODE_SIGN_STYLE = Automatic;
				CURRENT_PROJECT_VERSION = 1;
				DEFINES_MODULE = YES;
				DEVELOPMENT_TEAM = TXK3J8QHU9;
				DYLIB_COMPATIBILITY_VERSION = 1;
				DYLIB_CURRENT_VERSION = 1;
				DYLIB_INSTALL_NAME_BASE = "@rpath";
				GENERATE_INFOPLIST_FILE = YES;
				INFOPLIST_KEY_NSHumanReadableCopyright = "";
				INSTALL_PATH = "$(LOCAL_LIBRARY_DIR)/Frameworks";
				LD_RUNPATH_SEARCH_PATHS = (
					"$(inherited)",
					"@executable_path/Frameworks",
					"@loader_path/Frameworks",
				);
				MACH_O_TYPE = staticlib;
				MARKETING_VERSION = 1.0;
				PRODUCT_BUNDLE_IDENTIFIER = ta.TEFocusSDK;
				PRODUCT_NAME = "$(TARGET_NAME:c99extidentifier)";
				SKIP_INSTALL = YES;
				SWIFT_EMIT_LOC_STRINGS = YES;
				TARGETED_DEVICE_FAMILY = "1,2";
			};
			name = Release;
		};
		1DDAD74A29B75F7C00BBF71B /* Debug */ = {
			isa = XCBuildConfiguration;
			buildSettings = {
				CODE_SIGN_STYLE = Automatic;
				DEVELOPMENT_TEAM = TXK3J8QHU9;
				PRODUCT_NAME = "$(TARGET_NAME)";
			};
			name = Debug;
		};
		1DDAD74B29B75F7C00BBF71B /* Release */ = {
			isa = XCBuildConfiguration;
			buildSettings = {
				CODE_SIGN_STYLE = Automatic;
				DEVELOPMENT_TEAM = TXK3J8QHU9;
				PRODUCT_NAME = "$(TARGET_NAME)";
			};
			name = Release;
		};
/* End XCBuildConfiguration section */

/* Begin XCConfigurationList section */
		1D208CBB29B756C100025D34 /* Build configuration list for PBXProject "TEFocusSDK" */ = {
			isa = XCConfigurationList;
			buildConfigurations = (
				1D208CC829B756C100025D34 /* Debug */,
				1D208CC929B756C100025D34 /* Release */,
			);
			defaultConfigurationIsVisible = 0;
			defaultConfigurationName = Release;
		};
		1D208CCA29B756C100025D34 /* Build configuration list for PBXNativeTarget "TEFocusSDK" */ = {
			isa = XCConfigurationList;
			buildConfigurations = (
				1D208CCB29B756C100025D34 /* Debug */,
				1D208CCC29B756C100025D34 /* Release */,
			);
			defaultConfigurationIsVisible = 0;
			defaultConfigurationName = Release;
		};
		1DDAD74C29B75F7C00BBF71B /* Build configuration list for PBXAggregateTarget "TEFocusSDK-uni" */ = {
			isa = XCConfigurationList;
			buildConfigurations = (
				1DDAD74A29B75F7C00BBF71B /* Debug */,
				1DDAD74B29B75F7C00BBF71B /* Release */,
			);
			defaultConfigurationIsVisible = 0;
			defaultConfigurationName = Release;
		};
/* End XCConfigurationList section */
	};
	rootObject = 1D208CB829B756C100025D34 /* Project object */;
}
