PODS:
  - ThinkingDataCore (1.0.0):
    - ThinkingDataCore/Main (= 1.0.0)
  - ThinkingDataCore/iOS (1.0.0)
  - ThinkingDataCore/Main (1.0.0):
    - ThinkingDataCore/iOS
    - ThinkingDataCore/OSX

DEPENDENCIES:
  - ThinkingDataCore (= 1.0.0)

SPEC REPOS:
  trunk:
    - ThinkingDataCore

SPEC CHECKSUMS:
  ThinkingDataCore: bbddbbb34d9fcee5ba6d92886a11c91f2f25cdfa

PODFILE CHECKSUM: feaa0ecc6175062672784c2a0bdbae0d7fc79d40

COCOAPODS: 1.12.1
